
Microsoft Visual Studio Solution File, Format Version 10.00
# Visual Studio 2008
Project("{FAE04EC0-301F-11D3-BF4B-00C04F79EFBC}") = "Commanding.Tests.AcceptanceTests", "Commanding.Tests.AcceptanceTests\Commanding.Tests.AcceptanceTests.csproj", "{FF48F088-115A-49E3-B7E0-1BD80BC48235}"
EndProject
Project("{2150E333-8FDC-42A3-9474-1A3956D46DE8}") = "Solution Items", "Solution Items", "{5DF4228C-0AF8-4B34-BFBB-D73C53062E72}"
	ProjectSection(SolutionItems) = preProject
		Commanding_AcceptanceTests.testrunconfig = Commanding_AcceptanceTests.testrunconfig
	EndProjectSection
EndProject
Global
	GlobalSection(TestCaseManagementSettings) = postSolution
		CategoryFile = Commanding_AcceptanceTests.vsmdi
	EndGlobalSection
	GlobalSection(SolutionConfigurationPlatforms) = preSolution
		Debug|Any CPU = Debug|Any CPU
		Release|Any CPU = Release|Any CPU
	EndGlobalSection
	GlobalSection(ProjectConfigurationPlatforms) = postSolution
		{FF48F088-115A-49E3-B7E0-1BD80BC48235}.Debug|Any CPU.ActiveCfg = Debug|Any CPU
		{FF48F088-115A-49E3-B7E0-1BD80BC48235}.Debug|Any CPU.Build.0 = Debug|Any CPU
		{FF48F088-115A-49E3-B7E0-1BD80BC48235}.Release|Any CPU.ActiveCfg = Release|Any CPU
		{FF48F088-115A-49E3-B7E0-1BD80BC48235}.Release|Any CPU.Build.0 = Release|Any CPU
	EndGlobalSection
	GlobalSection(SolutionProperties) = preSolution
		HideSolutionNode = FALSE
	EndGlobalSection
EndGlobal
