
Microsoft Visual Studio Solution File, Format Version 10.00
# Visual Studio 2008
Project("{FAE04EC0-301F-11D3-BF4B-00C04F79EFBC}") = "Commanding", "Commanding\Commanding.csproj", "{1E2A9E02-ACEC-4BEE-AFF3-E7480723CAA3}"
EndProject
Project("{2150E333-8FDC-42A3-9474-1A3956D46DE8}") = "Composite Application Library", "Composite Application Library", "{AACF6B58-39D2-4343-9462-CB90AAD01011}"
EndProject
Project("{FAE04EC0-301F-11D3-BF4B-00C04F79EFBC}") = "Commanding.Modules.Order", "Commanding.OrderModule\Commanding.Modules.Order.csproj", "{2FBD1FEC-7E2D-4157-9245-5267CB081482}"
EndProject
Project("{2150E333-8FDC-42A3-9474-1A3956D46DE8}") = "Unit Tests", "Unit Tests", "{F4C2E6E8-E8A6-4788-9700-D59702F97B77}"
EndProject
Project("{FAE04EC0-301F-11D3-BF4B-00C04F79EFBC}") = "Composite.Wpf.Tests", "..\..\CAL\Composite.Wpf.Tests\Composite.Wpf.Tests.csproj", "{BBC4F378-C99A-4F50-B0E6-E3B97B9F22CC}"
EndProject
Project("{FAE04EC0-301F-11D3-BF4B-00C04F79EFBC}") = "Composite", "..\..\CAL\Composite\Composite.csproj", "{77138947-1D13-4E22-AEE0-5D0DD046CA34}"
EndProject
Project("{FAE04EC0-301F-11D3-BF4B-00C04F79EFBC}") = "Composite.Wpf", "..\..\CAL\Composite.Wpf\Composite.Wpf.csproj", "{F807062D-6FC9-4FF0-A9F5-5F94653EDC4D}"
EndProject
Project("{FAE04EC0-301F-11D3-BF4B-00C04F79EFBC}") = "Composite.UnityExtensions", "..\..\CAL\Composite.UnityExtensions\Composite.UnityExtensions.csproj", "{17831F3B-6B82-4916-BD2B-2CE2071EA622}"
EndProject
Global
	GlobalSection(SolutionConfigurationPlatforms) = preSolution
		Debug|Any CPU = Debug|Any CPU
		Release|Any CPU = Release|Any CPU
	EndGlobalSection
	GlobalSection(ProjectConfigurationPlatforms) = postSolution
		{1E2A9E02-ACEC-4BEE-AFF3-E7480723CAA3}.Debug|Any CPU.ActiveCfg = Debug|Any CPU
		{1E2A9E02-ACEC-4BEE-AFF3-E7480723CAA3}.Debug|Any CPU.Build.0 = Debug|Any CPU
		{1E2A9E02-ACEC-4BEE-AFF3-E7480723CAA3}.Release|Any CPU.ActiveCfg = Release|Any CPU
		{1E2A9E02-ACEC-4BEE-AFF3-E7480723CAA3}.Release|Any CPU.Build.0 = Release|Any CPU
		{2FBD1FEC-7E2D-4157-9245-5267CB081482}.Debug|Any CPU.ActiveCfg = Debug|Any CPU
		{2FBD1FEC-7E2D-4157-9245-5267CB081482}.Debug|Any CPU.Build.0 = Debug|Any CPU
		{2FBD1FEC-7E2D-4157-9245-5267CB081482}.Release|Any CPU.ActiveCfg = Release|Any CPU
		{2FBD1FEC-7E2D-4157-9245-5267CB081482}.Release|Any CPU.Build.0 = Release|Any CPU
		{BBC4F378-C99A-4F50-B0E6-E3B97B9F22CC}.Debug|Any CPU.ActiveCfg = Debug|Any CPU
		{BBC4F378-C99A-4F50-B0E6-E3B97B9F22CC}.Debug|Any CPU.Build.0 = Debug|Any CPU
		{BBC4F378-C99A-4F50-B0E6-E3B97B9F22CC}.Release|Any CPU.ActiveCfg = Release|Any CPU
		{BBC4F378-C99A-4F50-B0E6-E3B97B9F22CC}.Release|Any CPU.Build.0 = Release|Any CPU
		{77138947-1D13-4E22-AEE0-5D0DD046CA34}.Debug|Any CPU.ActiveCfg = Debug|Any CPU
		{77138947-1D13-4E22-AEE0-5D0DD046CA34}.Debug|Any CPU.Build.0 = Debug|Any CPU
		{77138947-1D13-4E22-AEE0-5D0DD046CA34}.Release|Any CPU.ActiveCfg = Release|Any CPU
		{77138947-1D13-4E22-AEE0-5D0DD046CA34}.Release|Any CPU.Build.0 = Release|Any CPU
		{F807062D-6FC9-4FF0-A9F5-5F94653EDC4D}.Debug|Any CPU.ActiveCfg = Debug|Any CPU
		{F807062D-6FC9-4FF0-A9F5-5F94653EDC4D}.Debug|Any CPU.Build.0 = Debug|Any CPU
		{F807062D-6FC9-4FF0-A9F5-5F94653EDC4D}.Release|Any CPU.ActiveCfg = Release|Any CPU
		{F807062D-6FC9-4FF0-A9F5-5F94653EDC4D}.Release|Any CPU.Build.0 = Release|Any CPU
		{17831F3B-6B82-4916-BD2B-2CE2071EA622}.Debug|Any CPU.ActiveCfg = Debug|Any CPU
		{17831F3B-6B82-4916-BD2B-2CE2071EA622}.Debug|Any CPU.Build.0 = Debug|Any CPU
		{17831F3B-6B82-4916-BD2B-2CE2071EA622}.Release|Any CPU.ActiveCfg = Release|Any CPU
		{17831F3B-6B82-4916-BD2B-2CE2071EA622}.Release|Any CPU.Build.0 = Release|Any CPU
	EndGlobalSection
	GlobalSection(SolutionProperties) = preSolution
		HideSolutionNode = FALSE
	EndGlobalSection
	GlobalSection(NestedProjects) = preSolution
		{77138947-1D13-4E22-AEE0-5D0DD046CA34} = {AACF6B58-39D2-4343-9462-CB90AAD01011}
		{F807062D-6FC9-4FF0-A9F5-5F94653EDC4D} = {AACF6B58-39D2-4343-9462-CB90AAD01011}
		{17831F3B-6B82-4916-BD2B-2CE2071EA622} = {AACF6B58-39D2-4343-9462-CB90AAD01011}
		{BBC4F378-C99A-4F50-B0E6-E3B97B9F22CC} = {F4C2E6E8-E8A6-4788-9700-D59702F97B77}
	EndGlobalSection
EndGlobal
