
Microsoft Visual Studio Solution File, Format Version 10.00
# Visual Studio 2008
Project("{FAE04EC0-301F-11D3-BF4B-00C04F79EFBC}") = "DirectoryLookupModularity", "DirectoryLookupModularity\DirectoryLookupModularity.csproj", "{C1B3891E-3A3E-40F5-93F4-F13F8EB2B8CA}"
	ProjectSection(ProjectDependencies) = postProject
		{093C592F-ADE2-4B72-8410-31D355CB9943} = {093C592F-ADE2-4B72-8410-31D355CB9943}
		{122B8585-FE59-4863-8E26-4AEA351EB36E} = {122B8585-FE59-4863-8E26-4AEA351EB36E}
		{6E036092-135D-4B30-8CEF-78A08933EFA2} = {6E036092-135D-4B30-8CEF-78A08933EFA2}
		{54F9C4FC-2B30-40F0-8335-E880C640548E} = {54F9C4FC-2B30-40F0-8335-E880C640548E}
	EndProjectSection
EndProject
Project("{FAE04EC0-301F-11D3-BF4B-00C04F79EFBC}") = "ModuleA", "ModuleA\ModuleA.csproj", "{093C592F-ADE2-4B72-8410-31D355CB9943}"
EndProject
Project("{FAE04EC0-301F-11D3-BF4B-00C04F79EFBC}") = "ModuleB", "ModuleB\ModuleB.csproj", "{6E036092-135D-4B30-8CEF-78A08933EFA2}"
EndProject
Project("{FAE04EC0-301F-11D3-BF4B-00C04F79EFBC}") = "ModuleC", "ModuleC\ModuleC.csproj", "{122B8585-FE59-4863-8E26-4AEA351EB36E}"
EndProject
Project("{FAE04EC0-301F-11D3-BF4B-00C04F79EFBC}") = "ModuleD", "ModuleD\ModuleD.csproj", "{54F9C4FC-2B30-40F0-8335-E880C640548E}"
EndProject
Project("{2150E333-8FDC-42A3-9474-1A3956D46DE8}") = "Composite Application Library", "Composite Application Library", "{9AADB34A-193E-408A-8871-B314314D0179}"
EndProject
Project("{FAE04EC0-301F-11D3-BF4B-00C04F79EFBC}") = "Composite.Wpf", "..\..\..\CAL\Composite.Wpf\Composite.Wpf.csproj", "{F807062D-6FC9-4FF0-A9F5-5F94653EDC4D}"
EndProject
Project("{2150E333-8FDC-42A3-9474-1A3956D46DE8}") = "Unit Tests", "Unit Tests", "{1BB487DB-F7E2-4347-B6FC-D62EC3865F99}"
EndProject
Project("{FAE04EC0-301F-11D3-BF4B-00C04F79EFBC}") = "Composite.UnityExtensions", "..\..\..\CAL\Composite.UnityExtensions\Composite.UnityExtensions.csproj", "{17831F3B-6B82-4916-BD2B-2CE2071EA622}"
EndProject
Project("{FAE04EC0-301F-11D3-BF4B-00C04F79EFBC}") = "Composite", "..\..\..\CAL\Composite\Composite.csproj", "{77138947-1D13-4E22-AEE0-5D0DD046CA34}"
EndProject
Project("{FAE04EC0-301F-11D3-BF4B-00C04F79EFBC}") = "Composite.Tests", "..\..\..\CAL\Composite.Tests\Composite.Tests.csproj", "{7DB8E74D-214F-4840-B294-58372D369958}"
EndProject
Global
	GlobalSection(SolutionConfigurationPlatforms) = preSolution
		Debug|Any CPU = Debug|Any CPU
		Release|Any CPU = Release|Any CPU
	EndGlobalSection
	GlobalSection(ProjectConfigurationPlatforms) = postSolution
		{C1B3891E-3A3E-40F5-93F4-F13F8EB2B8CA}.Debug|Any CPU.ActiveCfg = Debug|Any CPU
		{C1B3891E-3A3E-40F5-93F4-F13F8EB2B8CA}.Debug|Any CPU.Build.0 = Debug|Any CPU
		{C1B3891E-3A3E-40F5-93F4-F13F8EB2B8CA}.Release|Any CPU.ActiveCfg = Release|Any CPU
		{C1B3891E-3A3E-40F5-93F4-F13F8EB2B8CA}.Release|Any CPU.Build.0 = Release|Any CPU
		{093C592F-ADE2-4B72-8410-31D355CB9943}.Debug|Any CPU.ActiveCfg = Debug|Any CPU
		{093C592F-ADE2-4B72-8410-31D355CB9943}.Debug|Any CPU.Build.0 = Debug|Any CPU
		{093C592F-ADE2-4B72-8410-31D355CB9943}.Release|Any CPU.ActiveCfg = Release|Any CPU
		{093C592F-ADE2-4B72-8410-31D355CB9943}.Release|Any CPU.Build.0 = Release|Any CPU
		{6E036092-135D-4B30-8CEF-78A08933EFA2}.Debug|Any CPU.ActiveCfg = Debug|Any CPU
		{6E036092-135D-4B30-8CEF-78A08933EFA2}.Debug|Any CPU.Build.0 = Debug|Any CPU
		{6E036092-135D-4B30-8CEF-78A08933EFA2}.Release|Any CPU.ActiveCfg = Release|Any CPU
		{6E036092-135D-4B30-8CEF-78A08933EFA2}.Release|Any CPU.Build.0 = Release|Any CPU
		{122B8585-FE59-4863-8E26-4AEA351EB36E}.Debug|Any CPU.ActiveCfg = Debug|Any CPU
		{122B8585-FE59-4863-8E26-4AEA351EB36E}.Debug|Any CPU.Build.0 = Debug|Any CPU
		{122B8585-FE59-4863-8E26-4AEA351EB36E}.Release|Any CPU.ActiveCfg = Release|Any CPU
		{122B8585-FE59-4863-8E26-4AEA351EB36E}.Release|Any CPU.Build.0 = Release|Any CPU
		{54F9C4FC-2B30-40F0-8335-E880C640548E}.Debug|Any CPU.ActiveCfg = Debug|Any CPU
		{54F9C4FC-2B30-40F0-8335-E880C640548E}.Debug|Any CPU.Build.0 = Debug|Any CPU
		{54F9C4FC-2B30-40F0-8335-E880C640548E}.Release|Any CPU.ActiveCfg = Release|Any CPU
		{54F9C4FC-2B30-40F0-8335-E880C640548E}.Release|Any CPU.Build.0 = Release|Any CPU
		{F807062D-6FC9-4FF0-A9F5-5F94653EDC4D}.Debug|Any CPU.ActiveCfg = Debug|Any CPU
		{F807062D-6FC9-4FF0-A9F5-5F94653EDC4D}.Debug|Any CPU.Build.0 = Debug|Any CPU
		{F807062D-6FC9-4FF0-A9F5-5F94653EDC4D}.Release|Any CPU.ActiveCfg = Release|Any CPU
		{F807062D-6FC9-4FF0-A9F5-5F94653EDC4D}.Release|Any CPU.Build.0 = Release|Any CPU
		{17831F3B-6B82-4916-BD2B-2CE2071EA622}.Debug|Any CPU.ActiveCfg = Debug|Any CPU
		{17831F3B-6B82-4916-BD2B-2CE2071EA622}.Debug|Any CPU.Build.0 = Debug|Any CPU
		{17831F3B-6B82-4916-BD2B-2CE2071EA622}.Release|Any CPU.ActiveCfg = Release|Any CPU
		{17831F3B-6B82-4916-BD2B-2CE2071EA622}.Release|Any CPU.Build.0 = Release|Any CPU
		{77138947-1D13-4E22-AEE0-5D0DD046CA34}.Debug|Any CPU.ActiveCfg = Debug|Any CPU
		{77138947-1D13-4E22-AEE0-5D0DD046CA34}.Debug|Any CPU.Build.0 = Debug|Any CPU
		{77138947-1D13-4E22-AEE0-5D0DD046CA34}.Release|Any CPU.ActiveCfg = Release|Any CPU
		{77138947-1D13-4E22-AEE0-5D0DD046CA34}.Release|Any CPU.Build.0 = Release|Any CPU
		{7DB8E74D-214F-4840-B294-58372D369958}.Debug|Any CPU.ActiveCfg = Debug|Any CPU
		{7DB8E74D-214F-4840-B294-58372D369958}.Debug|Any CPU.Build.0 = Debug|Any CPU
		{7DB8E74D-214F-4840-B294-58372D369958}.Release|Any CPU.ActiveCfg = Release|Any CPU
		{7DB8E74D-214F-4840-B294-58372D369958}.Release|Any CPU.Build.0 = Release|Any CPU
	EndGlobalSection
	GlobalSection(SolutionProperties) = preSolution
		HideSolutionNode = FALSE
	EndGlobalSection
	GlobalSection(NestedProjects) = preSolution
		{F807062D-6FC9-4FF0-A9F5-5F94653EDC4D} = {9AADB34A-193E-408A-8871-B314314D0179}
		{17831F3B-6B82-4916-BD2B-2CE2071EA622} = {9AADB34A-193E-408A-8871-B314314D0179}
		{77138947-1D13-4E22-AEE0-5D0DD046CA34} = {9AADB34A-193E-408A-8871-B314314D0179}
		{7DB8E74D-214F-4840-B294-58372D369958} = {1BB487DB-F7E2-4347-B6FC-D62EC3865F99}
	EndGlobalSection
EndGlobal
