
Microsoft Visual Studio Solution File, Format Version 10.00
# Visual Studio 2008
Project("{FAE04EC0-301F-11D3-BF4B-00C04F79EFBC}") = "UIComposition.Desktop", "Desktop\UIComposition\UIComposition.Desktop.csproj", "{038A54AC-EEFD-4F5D-82DC-C4AFD1A3201D}"
EndProject
Project("{FAE04EC0-301F-11D3-BF4B-00C04F79EFBC}") = "UIComposition.Modules.Employee.Desktop", "Desktop\UIComposition.Modules.Employee\UIComposition.Modules.Employee.Desktop.csproj", "{D361DA77-FC72-4352-8942-03037978287A}"
EndProject
Project("{FAE04EC0-301F-11D3-BF4B-00C04F79EFBC}") = "UIComposition.Modules.Project.Desktop", "Desktop\UIComposition.Modules.Project\UIComposition.Modules.Project.Desktop.csproj", "{A7DC4C1C-BFE1-4820-A821-1B7E37E3E0D0}"
EndProject
Project("{FAE04EC0-301F-11D3-BF4B-00C04F79EFBC}") = "UIComposition.Modules.Employee.Desktop.Tests", "Desktop\UIComposition.Modules.Employee.Tests\UIComposition.Modules.Employee.Desktop.Tests.csproj", "{B9EE42F2-B9C1-41D6-ADF2-6538156720C6}"
EndProject
Project("{2150E333-8FDC-42A3-9474-1A3956D46DE8}") = "Modules", "Modules", "{077CEEA2-1574-43EC-A9CE-FCBBF7E52AAB}"
EndProject
Project("{2150E333-8FDC-42A3-9474-1A3956D46DE8}") = "Unit Tests", "Unit Tests", "{A124EF34-27B8-4312-BF82-4F427A057B90}"
EndProject
Project("{FAE04EC0-301F-11D3-BF4B-00C04F79EFBC}") = "UIComposition.Modules.Project.Desktop.Tests", "Desktop\UIComposition.Modules.Project.Tests\UIComposition.Modules.Project.Desktop.Tests.csproj", "{4C7FC8CC-1E27-4500-9D05-71049EA1A3B9}"
EndProject
Project("{2150E333-8FDC-42A3-9474-1A3956D46DE8}") = "Composite Application Library", "Composite Application Library", "{012184A3-2085-4B51-A15C-5F3FC68392E0}"
EndProject
Project("{FAE04EC0-301F-11D3-BF4B-00C04F79EFBC}") = "UIComposition.Infrastructure.Desktop", "Desktop\UIComposition.Infrastructure\UIComposition.Infrastructure.Desktop.csproj", "{4511B435-FF23-484C-B5FE-9C4057F380C0}"
EndProject
Project("{FAE04EC0-301F-11D3-BF4B-00C04F79EFBC}") = "Composite.UnityExtensions.Desktop", "..\..\..\CAL\Desktop\Composite.UnityExtensions\Composite.UnityExtensions.Desktop.csproj", "{17831F3B-6B82-4916-BD2B-2CE2071EA622}"
EndProject
Project("{FAE04EC0-301F-11D3-BF4B-00C04F79EFBC}") = "Composite.Presentation.Desktop", "..\..\..\CAL\Desktop\Composite.Presentation\Composite.Presentation.Desktop.csproj", "{F807062D-6FC9-4FF0-A9F5-5F94653EDC4D}"
EndProject
Project("{FAE04EC0-301F-11D3-BF4B-00C04F79EFBC}") = "Composite.Presentation.Desktop.Tests", "..\..\..\CAL\Desktop\Composite.Presentation.Tests\Composite.Presentation.Desktop.Tests.csproj", "{BBC4F378-C99A-4F50-B0E6-E3B97B9F22CC}"
EndProject
Project("{FAE04EC0-301F-11D3-BF4B-00C04F79EFBC}") = "Composite.Desktop", "..\..\..\CAL\Desktop\Composite\Composite.Desktop.csproj", "{77138947-1D13-4E22-AEE0-5D0DD046CA34}"
EndProject
Global
	GlobalSection(TestCaseManagementSettings) = postSolution
		CategoryFile = Desktop\StockTraderRI.vsmdi
	EndGlobalSection
	GlobalSection(SolutionConfigurationPlatforms) = preSolution
		Debug|Any CPU = Debug|Any CPU
		Release|Any CPU = Release|Any CPU
	EndGlobalSection
	GlobalSection(ProjectConfigurationPlatforms) = postSolution
		{038A54AC-EEFD-4F5D-82DC-C4AFD1A3201D}.Debug|Any CPU.ActiveCfg = Debug|Any CPU
		{038A54AC-EEFD-4F5D-82DC-C4AFD1A3201D}.Debug|Any CPU.Build.0 = Debug|Any CPU
		{038A54AC-EEFD-4F5D-82DC-C4AFD1A3201D}.Release|Any CPU.ActiveCfg = Release|Any CPU
		{038A54AC-EEFD-4F5D-82DC-C4AFD1A3201D}.Release|Any CPU.Build.0 = Release|Any CPU
		{D361DA77-FC72-4352-8942-03037978287A}.Debug|Any CPU.ActiveCfg = Debug|Any CPU
		{D361DA77-FC72-4352-8942-03037978287A}.Debug|Any CPU.Build.0 = Debug|Any CPU
		{D361DA77-FC72-4352-8942-03037978287A}.Release|Any CPU.ActiveCfg = Release|Any CPU
		{D361DA77-FC72-4352-8942-03037978287A}.Release|Any CPU.Build.0 = Release|Any CPU
		{A7DC4C1C-BFE1-4820-A821-1B7E37E3E0D0}.Debug|Any CPU.ActiveCfg = Debug|Any CPU
		{A7DC4C1C-BFE1-4820-A821-1B7E37E3E0D0}.Debug|Any CPU.Build.0 = Debug|Any CPU
		{A7DC4C1C-BFE1-4820-A821-1B7E37E3E0D0}.Release|Any CPU.ActiveCfg = Release|Any CPU
		{A7DC4C1C-BFE1-4820-A821-1B7E37E3E0D0}.Release|Any CPU.Build.0 = Release|Any CPU
		{B9EE42F2-B9C1-41D6-ADF2-6538156720C6}.Debug|Any CPU.ActiveCfg = Debug|Any CPU
		{B9EE42F2-B9C1-41D6-ADF2-6538156720C6}.Debug|Any CPU.Build.0 = Debug|Any CPU
		{B9EE42F2-B9C1-41D6-ADF2-6538156720C6}.Release|Any CPU.ActiveCfg = Release|Any CPU
		{B9EE42F2-B9C1-41D6-ADF2-6538156720C6}.Release|Any CPU.Build.0 = Release|Any CPU
		{4C7FC8CC-1E27-4500-9D05-71049EA1A3B9}.Debug|Any CPU.ActiveCfg = Debug|Any CPU
		{4C7FC8CC-1E27-4500-9D05-71049EA1A3B9}.Debug|Any CPU.Build.0 = Debug|Any CPU
		{4C7FC8CC-1E27-4500-9D05-71049EA1A3B9}.Release|Any CPU.ActiveCfg = Release|Any CPU
		{4C7FC8CC-1E27-4500-9D05-71049EA1A3B9}.Release|Any CPU.Build.0 = Release|Any CPU
		{4511B435-FF23-484C-B5FE-9C4057F380C0}.Debug|Any CPU.ActiveCfg = Debug|Any CPU
		{4511B435-FF23-484C-B5FE-9C4057F380C0}.Debug|Any CPU.Build.0 = Debug|Any CPU
		{4511B435-FF23-484C-B5FE-9C4057F380C0}.Release|Any CPU.ActiveCfg = Release|Any CPU
		{4511B435-FF23-484C-B5FE-9C4057F380C0}.Release|Any CPU.Build.0 = Release|Any CPU
		{17831F3B-6B82-4916-BD2B-2CE2071EA622}.Debug|Any CPU.ActiveCfg = Debug|Any CPU
		{17831F3B-6B82-4916-BD2B-2CE2071EA622}.Debug|Any CPU.Build.0 = Debug|Any CPU
		{17831F3B-6B82-4916-BD2B-2CE2071EA622}.Release|Any CPU.ActiveCfg = Release|Any CPU
		{17831F3B-6B82-4916-BD2B-2CE2071EA622}.Release|Any CPU.Build.0 = Release|Any CPU
		{F807062D-6FC9-4FF0-A9F5-5F94653EDC4D}.Debug|Any CPU.ActiveCfg = Debug|Any CPU
		{F807062D-6FC9-4FF0-A9F5-5F94653EDC4D}.Debug|Any CPU.Build.0 = Debug|Any CPU
		{F807062D-6FC9-4FF0-A9F5-5F94653EDC4D}.Release|Any CPU.ActiveCfg = Release|Any CPU
		{F807062D-6FC9-4FF0-A9F5-5F94653EDC4D}.Release|Any CPU.Build.0 = Release|Any CPU
		{BBC4F378-C99A-4F50-B0E6-E3B97B9F22CC}.Debug|Any CPU.ActiveCfg = Debug|Any CPU
		{BBC4F378-C99A-4F50-B0E6-E3B97B9F22CC}.Debug|Any CPU.Build.0 = Debug|Any CPU
		{BBC4F378-C99A-4F50-B0E6-E3B97B9F22CC}.Release|Any CPU.ActiveCfg = Release|Any CPU
		{BBC4F378-C99A-4F50-B0E6-E3B97B9F22CC}.Release|Any CPU.Build.0 = Release|Any CPU
		{77138947-1D13-4E22-AEE0-5D0DD046CA34}.Debug|Any CPU.ActiveCfg = Debug|Any CPU
		{77138947-1D13-4E22-AEE0-5D0DD046CA34}.Debug|Any CPU.Build.0 = Debug|Any CPU
		{77138947-1D13-4E22-AEE0-5D0DD046CA34}.Release|Any CPU.ActiveCfg = Release|Any CPU
		{77138947-1D13-4E22-AEE0-5D0DD046CA34}.Release|Any CPU.Build.0 = Release|Any CPU
	EndGlobalSection
	GlobalSection(SolutionProperties) = preSolution
		HideSolutionNode = FALSE
	EndGlobalSection
	GlobalSection(NestedProjects) = preSolution
		{A7DC4C1C-BFE1-4820-A821-1B7E37E3E0D0} = {077CEEA2-1574-43EC-A9CE-FCBBF7E52AAB}
		{D361DA77-FC72-4352-8942-03037978287A} = {077CEEA2-1574-43EC-A9CE-FCBBF7E52AAB}
		{B9EE42F2-B9C1-41D6-ADF2-6538156720C6} = {A124EF34-27B8-4312-BF82-4F427A057B90}
		{4C7FC8CC-1E27-4500-9D05-71049EA1A3B9} = {A124EF34-27B8-4312-BF82-4F427A057B90}
		{BBC4F378-C99A-4F50-B0E6-E3B97B9F22CC} = {A124EF34-27B8-4312-BF82-4F427A057B90}
		{17831F3B-6B82-4916-BD2B-2CE2071EA622} = {012184A3-2085-4B51-A15C-5F3FC68392E0}
		{F807062D-6FC9-4FF0-A9F5-5F94653EDC4D} = {012184A3-2085-4B51-A15C-5F3FC68392E0}
		{77138947-1D13-4E22-AEE0-5D0DD046CA34} = {012184A3-2085-4B51-A15C-5F3FC68392E0}
	EndGlobalSection
EndGlobal
