
Microsoft Visual Studio Solution File, Format Version 10.00
# Visual Studio 2008
Project("{2150E333-8FDC-42A3-9474-1A3956D46DE8}") = "Composite Application Library", "Composite Application Library", "{0BD6B739-306B-4B5E-881F-11D33B3B2579}"
EndProject
Project("{FAE04EC0-301F-11D3-BF4B-00C04F79EFBC}") = "Composite", "..\..\CAL\Composite\Composite.csproj", "{77138947-1D13-4E22-AEE0-5D0DD046CA34}"
EndProject
Project("{2150E333-8FDC-42A3-9474-1A3956D46DE8}") = "Modules", "Modules", "{E23DBBC8-66F9-4FDC-8133-CE596CE9C0DF}"
EndProject
Project("{FAE04EC0-301F-11D3-BF4B-00C04F79EFBC}") = "HelloWorld", "HelloWorldModule\HelloWorld.csproj", "{1AD5E95C-5EEA-40F5-A3A7-5387C01CA709}"
EndProject
Project("{FAE04EC0-301F-11D3-BF4B-00C04F79EFBC}") = "Composite.Wpf", "..\..\CAL\Composite.Wpf\Composite.Wpf.csproj", "{F807062D-6FC9-4FF0-A9F5-5F94653EDC4D}"
EndProject
Project("{FAE04EC0-301F-11D3-BF4B-00C04F79EFBC}") = "Composite.UnityExtensions", "..\..\CAL\Composite.UnityExtensions\Composite.UnityExtensions.csproj", "{17831F3B-6B82-4916-BD2B-2CE2071EA622}"
EndProject
Project("{FAE04EC0-301F-11D3-BF4B-00C04F79EFBC}") = "HelloWorldSample", "HelloWorldSample\HelloWorldSample.csproj", "{DD538382-5936-4E3B-92C0-0D2C7868F50A}"
EndProject
Global
	GlobalSection(SolutionConfigurationPlatforms) = preSolution
		Debug|Any CPU = Debug|Any CPU
		Release|Any CPU = Release|Any CPU
	EndGlobalSection
	GlobalSection(ProjectConfigurationPlatforms) = postSolution
		{77138947-1D13-4E22-AEE0-5D0DD046CA34}.Debug|Any CPU.ActiveCfg = Debug|Any CPU
		{77138947-1D13-4E22-AEE0-5D0DD046CA34}.Debug|Any CPU.Build.0 = Debug|Any CPU
		{77138947-1D13-4E22-AEE0-5D0DD046CA34}.Release|Any CPU.ActiveCfg = Release|Any CPU
		{77138947-1D13-4E22-AEE0-5D0DD046CA34}.Release|Any CPU.Build.0 = Release|Any CPU
		{1AD5E95C-5EEA-40F5-A3A7-5387C01CA709}.Debug|Any CPU.ActiveCfg = Debug|Any CPU
		{1AD5E95C-5EEA-40F5-A3A7-5387C01CA709}.Debug|Any CPU.Build.0 = Debug|Any CPU
		{1AD5E95C-5EEA-40F5-A3A7-5387C01CA709}.Release|Any CPU.ActiveCfg = Release|Any CPU
		{1AD5E95C-5EEA-40F5-A3A7-5387C01CA709}.Release|Any CPU.Build.0 = Release|Any CPU
		{F807062D-6FC9-4FF0-A9F5-5F94653EDC4D}.Debug|Any CPU.ActiveCfg = Debug|Any CPU
		{F807062D-6FC9-4FF0-A9F5-5F94653EDC4D}.Debug|Any CPU.Build.0 = Debug|Any CPU
		{F807062D-6FC9-4FF0-A9F5-5F94653EDC4D}.Release|Any CPU.ActiveCfg = Release|Any CPU
		{F807062D-6FC9-4FF0-A9F5-5F94653EDC4D}.Release|Any CPU.Build.0 = Release|Any CPU
		{17831F3B-6B82-4916-BD2B-2CE2071EA622}.Debug|Any CPU.ActiveCfg = Debug|Any CPU
		{17831F3B-6B82-4916-BD2B-2CE2071EA622}.Debug|Any CPU.Build.0 = Debug|Any CPU
		{17831F3B-6B82-4916-BD2B-2CE2071EA622}.Release|Any CPU.ActiveCfg = Release|Any CPU
		{17831F3B-6B82-4916-BD2B-2CE2071EA622}.Release|Any CPU.Build.0 = Release|Any CPU
		{DD538382-5936-4E3B-92C0-0D2C7868F50A}.Debug|Any CPU.ActiveCfg = Debug|Any CPU
		{DD538382-5936-4E3B-92C0-0D2C7868F50A}.Debug|Any CPU.Build.0 = Debug|Any CPU
		{DD538382-5936-4E3B-92C0-0D2C7868F50A}.Release|Any CPU.ActiveCfg = Release|Any CPU
		{DD538382-5936-4E3B-92C0-0D2C7868F50A}.Release|Any CPU.Build.0 = Release|Any CPU
	EndGlobalSection
	GlobalSection(SolutionProperties) = preSolution
		HideSolutionNode = FALSE
	EndGlobalSection
	GlobalSection(NestedProjects) = preSolution
		{77138947-1D13-4E22-AEE0-5D0DD046CA34} = {0BD6B739-306B-4B5E-881F-11D33B3B2579}
		{F807062D-6FC9-4FF0-A9F5-5F94653EDC4D} = {0BD6B739-306B-4B5E-881F-11D33B3B2579}
		{17831F3B-6B82-4916-BD2B-2CE2071EA622} = {0BD6B739-306B-4B5E-881F-11D33B3B2579}
		{1AD5E95C-5EEA-40F5-A3A7-5387C01CA709} = {E23DBBC8-66F9-4FDC-8133-CE596CE9C0DF}
	EndGlobalSection
EndGlobal
