
Microsoft Visual Studio Solution File, Format Version 10.00
# Visual Studio 2008
Project("{2150E333-8FDC-42A3-9474-1A3956D46DE8}") = "Solution Items", "Solution Items", "{9A3B26CF-7324-4BA1-AB3D-566FC98B8E75}"
	ProjectSection(SolutionItems) = preProject
		EventAggregation_AcceptanceTests.testrunconfig = EventAggregation_AcceptanceTests.testrunconfig
	EndProjectSection
EndProject
Project("{FAE04EC0-301F-11D3-BF4B-00C04F79EFBC}") = "EventAggregation.Tests.AcceptanceTests", "EventAggregation.Tests.AcceptanceTests\EventAggregation.Tests.AcceptanceTests.csproj", "{AA066C31-9DEB-4EA4-A265-818211A8066F}"
EndProject
Global
	GlobalSection(TestCaseManagementSettings) = postSolution
		CategoryFile = EventAggregation_AcceptanceTests.vsmdi
	EndGlobalSection
	GlobalSection(SolutionConfigurationPlatforms) = preSolution
		Debug|Any CPU = Debug|Any CPU
		Release|Any CPU = Release|Any CPU
	EndGlobalSection
	GlobalSection(ProjectConfigurationPlatforms) = postSolution
		{AA066C31-9DEB-4EA4-A265-818211A8066F}.Debug|Any CPU.ActiveCfg = Debug|Any CPU
		{AA066C31-9DEB-4EA4-A265-818211A8066F}.Debug|Any CPU.Build.0 = Debug|Any CPU
		{AA066C31-9DEB-4EA4-A265-818211A8066F}.Release|Any CPU.ActiveCfg = Release|Any CPU
		{AA066C31-9DEB-4EA4-A265-818211A8066F}.Release|Any CPU.Build.0 = Release|Any CPU
	EndGlobalSection
	GlobalSection(SolutionProperties) = preSolution
		HideSolutionNode = FALSE
	EndGlobalSection
EndGlobal
