
Microsoft Visual Studio Solution File, Format Version 10.00
# Visual Studio 2008
Project("{FAE04EC0-301F-11D3-BF4B-00C04F79EFBC}") = "EventAggregation", "EventAggregation.csproj", "{488DC78A-6FE6-4E0E-908C-26175CD6F058}"
EndProject
Project("{2150E333-8FDC-42A3-9474-1A3956D46DE8}") = "Composite Application Library", "Composite Application Library", "{52F69166-7397-43D0-86AE-7EF1C7879537}"
EndProject
Project("{FAE04EC0-301F-11D3-BF4B-00C04F79EFBC}") = "ModuleA", "ModuleA\ModuleA.csproj", "{46B1C8F8-BA08-492F-BE1A-8B321357D13D}"
EndProject
Project("{FAE04EC0-301F-11D3-BF4B-00C04F79EFBC}") = "ModuleB", "ModuleB\ModuleB.csproj", "{7F96848A-641A-4A51-92C8-3C3C6D0D86F9}"
EndProject
Project("{2150E333-8FDC-42A3-9474-1A3956D46DE8}") = "UnitTests", "UnitTests", "{AFAB2C6B-E38D-42EF-AACD-B5E5A32319D1}"
EndProject
Project("{FAE04EC0-301F-11D3-BF4B-00C04F79EFBC}") = "Composite.Wpf.Tests", "..\..\CAL\Composite.Wpf.Tests\Composite.Wpf.Tests.csproj", "{BBC4F378-C99A-4F50-B0E6-E3B97B9F22CC}"
EndProject
Project("{FAE04EC0-301F-11D3-BF4B-00C04F79EFBC}") = "EventAggregation.Infrastructure", "EventAggregation.Infrastructure\EventAggregation.Infrastructure.csproj", "{8F3F1393-6AC3-47FA-8D7B-B01EC4511F4A}"
EndProject
Project("{FAE04EC0-301F-11D3-BF4B-00C04F79EFBC}") = "ModuleA.Tests", "ModuleA.Tests\ModuleA.Tests.csproj", "{30F108DB-9679-43E6-9026-61A03D0CC6ED}"
EndProject
Project("{2150E333-8FDC-42A3-9474-1A3956D46DE8}") = "Solution Items", "Solution Items", "{92F64AEA-BBF8-454D-BF3F-060679C231AC}"
	ProjectSection(SolutionItems) = preProject
		LocalTestRun.testrunconfig = LocalTestRun.testrunconfig
	EndProjectSection
EndProject
Project("{FAE04EC0-301F-11D3-BF4B-00C04F79EFBC}") = "ModuleB.Tests", "ModuleB.Tests\ModuleB.Tests.csproj", "{792C55C8-7A1E-46B7-9D2E-F6DB052EC0CA}"
EndProject
Project("{FAE04EC0-301F-11D3-BF4B-00C04F79EFBC}") = "Composite", "..\..\CAL\Composite\Composite.csproj", "{77138947-1D13-4E22-AEE0-5D0DD046CA34}"
EndProject
Project("{FAE04EC0-301F-11D3-BF4B-00C04F79EFBC}") = "Composite.Wpf", "..\..\CAL\Composite.Wpf\Composite.Wpf.csproj", "{F807062D-6FC9-4FF0-A9F5-5F94653EDC4D}"
EndProject
Project("{FAE04EC0-301F-11D3-BF4B-00C04F79EFBC}") = "Composite.UnityExtensions", "..\..\CAL\Composite.UnityExtensions\Composite.UnityExtensions.csproj", "{17831F3B-6B82-4916-BD2B-2CE2071EA622}"
EndProject
Project("{FAE04EC0-301F-11D3-BF4B-00C04F79EFBC}") = "Composite.Tests", "..\..\CAL\Composite.Tests\Composite.Tests.csproj", "{7DB8E74D-214F-4840-B294-58372D369958}"
EndProject
Global
	GlobalSection(SolutionConfigurationPlatforms) = preSolution
		Debug|Any CPU = Debug|Any CPU
		Release|Any CPU = Release|Any CPU
	EndGlobalSection
	GlobalSection(ProjectConfigurationPlatforms) = postSolution
		{488DC78A-6FE6-4E0E-908C-26175CD6F058}.Debug|Any CPU.ActiveCfg = Debug|Any CPU
		{488DC78A-6FE6-4E0E-908C-26175CD6F058}.Debug|Any CPU.Build.0 = Debug|Any CPU
		{488DC78A-6FE6-4E0E-908C-26175CD6F058}.Release|Any CPU.ActiveCfg = Release|Any CPU
		{488DC78A-6FE6-4E0E-908C-26175CD6F058}.Release|Any CPU.Build.0 = Release|Any CPU
		{46B1C8F8-BA08-492F-BE1A-8B321357D13D}.Debug|Any CPU.ActiveCfg = Debug|Any CPU
		{46B1C8F8-BA08-492F-BE1A-8B321357D13D}.Debug|Any CPU.Build.0 = Debug|Any CPU
		{46B1C8F8-BA08-492F-BE1A-8B321357D13D}.Release|Any CPU.ActiveCfg = Release|Any CPU
		{46B1C8F8-BA08-492F-BE1A-8B321357D13D}.Release|Any CPU.Build.0 = Release|Any CPU
		{7F96848A-641A-4A51-92C8-3C3C6D0D86F9}.Debug|Any CPU.ActiveCfg = Debug|Any CPU
		{7F96848A-641A-4A51-92C8-3C3C6D0D86F9}.Debug|Any CPU.Build.0 = Debug|Any CPU
		{7F96848A-641A-4A51-92C8-3C3C6D0D86F9}.Release|Any CPU.ActiveCfg = Release|Any CPU
		{7F96848A-641A-4A51-92C8-3C3C6D0D86F9}.Release|Any CPU.Build.0 = Release|Any CPU
		{BBC4F378-C99A-4F50-B0E6-E3B97B9F22CC}.Debug|Any CPU.ActiveCfg = Debug|Any CPU
		{BBC4F378-C99A-4F50-B0E6-E3B97B9F22CC}.Debug|Any CPU.Build.0 = Debug|Any CPU
		{BBC4F378-C99A-4F50-B0E6-E3B97B9F22CC}.Release|Any CPU.ActiveCfg = Release|Any CPU
		{BBC4F378-C99A-4F50-B0E6-E3B97B9F22CC}.Release|Any CPU.Build.0 = Release|Any CPU
		{8F3F1393-6AC3-47FA-8D7B-B01EC4511F4A}.Debug|Any CPU.ActiveCfg = Debug|Any CPU
		{8F3F1393-6AC3-47FA-8D7B-B01EC4511F4A}.Debug|Any CPU.Build.0 = Debug|Any CPU
		{8F3F1393-6AC3-47FA-8D7B-B01EC4511F4A}.Release|Any CPU.ActiveCfg = Release|Any CPU
		{8F3F1393-6AC3-47FA-8D7B-B01EC4511F4A}.Release|Any CPU.Build.0 = Release|Any CPU
		{30F108DB-9679-43E6-9026-61A03D0CC6ED}.Debug|Any CPU.ActiveCfg = Debug|Any CPU
		{30F108DB-9679-43E6-9026-61A03D0CC6ED}.Debug|Any CPU.Build.0 = Debug|Any CPU
		{30F108DB-9679-43E6-9026-61A03D0CC6ED}.Release|Any CPU.ActiveCfg = Release|Any CPU
		{30F108DB-9679-43E6-9026-61A03D0CC6ED}.Release|Any CPU.Build.0 = Release|Any CPU
		{792C55C8-7A1E-46B7-9D2E-F6DB052EC0CA}.Debug|Any CPU.ActiveCfg = Debug|Any CPU
		{792C55C8-7A1E-46B7-9D2E-F6DB052EC0CA}.Debug|Any CPU.Build.0 = Debug|Any CPU
		{792C55C8-7A1E-46B7-9D2E-F6DB052EC0CA}.Release|Any CPU.ActiveCfg = Release|Any CPU
		{792C55C8-7A1E-46B7-9D2E-F6DB052EC0CA}.Release|Any CPU.Build.0 = Release|Any CPU
		{77138947-1D13-4E22-AEE0-5D0DD046CA34}.Debug|Any CPU.ActiveCfg = Debug|Any CPU
		{77138947-1D13-4E22-AEE0-5D0DD046CA34}.Debug|Any CPU.Build.0 = Debug|Any CPU
		{77138947-1D13-4E22-AEE0-5D0DD046CA34}.Release|Any CPU.ActiveCfg = Release|Any CPU
		{77138947-1D13-4E22-AEE0-5D0DD046CA34}.Release|Any CPU.Build.0 = Release|Any CPU
		{F807062D-6FC9-4FF0-A9F5-5F94653EDC4D}.Debug|Any CPU.ActiveCfg = Debug|Any CPU
		{F807062D-6FC9-4FF0-A9F5-5F94653EDC4D}.Debug|Any CPU.Build.0 = Debug|Any CPU
		{F807062D-6FC9-4FF0-A9F5-5F94653EDC4D}.Release|Any CPU.ActiveCfg = Release|Any CPU
		{F807062D-6FC9-4FF0-A9F5-5F94653EDC4D}.Release|Any CPU.Build.0 = Release|Any CPU
		{17831F3B-6B82-4916-BD2B-2CE2071EA622}.Debug|Any CPU.ActiveCfg = Debug|Any CPU
		{17831F3B-6B82-4916-BD2B-2CE2071EA622}.Debug|Any CPU.Build.0 = Debug|Any CPU
		{17831F3B-6B82-4916-BD2B-2CE2071EA622}.Release|Any CPU.ActiveCfg = Release|Any CPU
		{17831F3B-6B82-4916-BD2B-2CE2071EA622}.Release|Any CPU.Build.0 = Release|Any CPU
		{7DB8E74D-214F-4840-B294-58372D369958}.Debug|Any CPU.ActiveCfg = Debug|Any CPU
		{7DB8E74D-214F-4840-B294-58372D369958}.Debug|Any CPU.Build.0 = Debug|Any CPU
		{7DB8E74D-214F-4840-B294-58372D369958}.Release|Any CPU.ActiveCfg = Release|Any CPU
		{7DB8E74D-214F-4840-B294-58372D369958}.Release|Any CPU.Build.0 = Release|Any CPU
	EndGlobalSection
	GlobalSection(SolutionProperties) = preSolution
		HideSolutionNode = FALSE
	EndGlobalSection
	GlobalSection(NestedProjects) = preSolution
		{77138947-1D13-4E22-AEE0-5D0DD046CA34} = {52F69166-7397-43D0-86AE-7EF1C7879537}
		{F807062D-6FC9-4FF0-A9F5-5F94653EDC4D} = {52F69166-7397-43D0-86AE-7EF1C7879537}
		{17831F3B-6B82-4916-BD2B-2CE2071EA622} = {52F69166-7397-43D0-86AE-7EF1C7879537}
		{BBC4F378-C99A-4F50-B0E6-E3B97B9F22CC} = {AFAB2C6B-E38D-42EF-AACD-B5E5A32319D1}
		{30F108DB-9679-43E6-9026-61A03D0CC6ED} = {AFAB2C6B-E38D-42EF-AACD-B5E5A32319D1}
		{792C55C8-7A1E-46B7-9D2E-F6DB052EC0CA} = {AFAB2C6B-E38D-42EF-AACD-B5E5A32319D1}
		{7DB8E74D-214F-4840-B294-58372D369958} = {AFAB2C6B-E38D-42EF-AACD-B5E5A32319D1}
	EndGlobalSection
EndGlobal
