
Microsoft Visual Studio Solution File, Format Version 10.00
# Visual Studio 2008
Project("{FAE04EC0-301F-11D3-BF4B-00C04F79EFBC}") = "HelloWorld.Desktop", "HelloWorld.Desktop\HelloWorld.Desktop.csproj", "{7E911B0D-479C-4BEA-9C02-9DD93D0A14DE}"
EndProject
Project("{FAE04EC0-301F-11D3-BF4B-00C04F79EFBC}") = "HelloWorldModule", "HelloWorldModule\HelloWorldModule.csproj", "{DFC0924F-5639-42CC-BF3E-CC4BD805926F}"
EndProject
Project("{2150E333-8FDC-42A3-9474-1A3956D46DE8}") = "CAL", "CAL", "{15268907-1FDE-49A7-8B6B-73FEC93D69B9}"
EndProject
Project("{FAE04EC0-301F-11D3-BF4B-00C04F79EFBC}") = "Composite.Desktop", "..\..\..\CAL\Desktop\Composite\Composite.Desktop.csproj", "{77138947-1D13-4E22-AEE0-5D0DD046CA34}"
EndProject
Project("{FAE04EC0-301F-11D3-BF4B-00C04F79EFBC}") = "Composite.Presentation.Desktop", "..\..\..\CAL\Desktop\Composite.Presentation\Composite.Presentation.Desktop.csproj", "{F807062D-6FC9-4FF0-A9F5-5F94653EDC4D}"
EndProject
Project("{FAE04EC0-301F-11D3-BF4B-00C04F79EFBC}") = "Composite.UnityExtensions.Desktop", "..\..\..\CAL\Desktop\Composite.UnityExtensions\Composite.UnityExtensions.Desktop.csproj", "{17831F3B-6B82-4916-BD2B-2CE2071EA622}"
EndProject
Global
	GlobalSection(SolutionConfigurationPlatforms) = preSolution
		Debug|Any CPU = Debug|Any CPU
		Release|Any CPU = Release|Any CPU
	EndGlobalSection
	GlobalSection(ProjectConfigurationPlatforms) = postSolution
		{7E911B0D-479C-4BEA-9C02-9DD93D0A14DE}.Debug|Any CPU.ActiveCfg = Debug|Any CPU
		{7E911B0D-479C-4BEA-9C02-9DD93D0A14DE}.Debug|Any CPU.Build.0 = Debug|Any CPU
		{7E911B0D-479C-4BEA-9C02-9DD93D0A14DE}.Release|Any CPU.ActiveCfg = Release|Any CPU
		{7E911B0D-479C-4BEA-9C02-9DD93D0A14DE}.Release|Any CPU.Build.0 = Release|Any CPU
		{DFC0924F-5639-42CC-BF3E-CC4BD805926F}.Debug|Any CPU.ActiveCfg = Debug|Any CPU
		{DFC0924F-5639-42CC-BF3E-CC4BD805926F}.Debug|Any CPU.Build.0 = Debug|Any CPU
		{DFC0924F-5639-42CC-BF3E-CC4BD805926F}.Release|Any CPU.ActiveCfg = Release|Any CPU
		{DFC0924F-5639-42CC-BF3E-CC4BD805926F}.Release|Any CPU.Build.0 = Release|Any CPU
		{77138947-1D13-4E22-AEE0-5D0DD046CA34}.Debug|Any CPU.ActiveCfg = Debug|Any CPU
		{77138947-1D13-4E22-AEE0-5D0DD046CA34}.Debug|Any CPU.Build.0 = Debug|Any CPU
		{77138947-1D13-4E22-AEE0-5D0DD046CA34}.Release|Any CPU.ActiveCfg = Release|Any CPU
		{77138947-1D13-4E22-AEE0-5D0DD046CA34}.Release|Any CPU.Build.0 = Release|Any CPU
		{F807062D-6FC9-4FF0-A9F5-5F94653EDC4D}.Debug|Any CPU.ActiveCfg = Debug|Any CPU
		{F807062D-6FC9-4FF0-A9F5-5F94653EDC4D}.Debug|Any CPU.Build.0 = Debug|Any CPU
		{F807062D-6FC9-4FF0-A9F5-5F94653EDC4D}.Release|Any CPU.ActiveCfg = Release|Any CPU
		{F807062D-6FC9-4FF0-A9F5-5F94653EDC4D}.Release|Any CPU.Build.0 = Release|Any CPU
		{17831F3B-6B82-4916-BD2B-2CE2071EA622}.Debug|Any CPU.ActiveCfg = Debug|Any CPU
		{17831F3B-6B82-4916-BD2B-2CE2071EA622}.Debug|Any CPU.Build.0 = Debug|Any CPU
		{17831F3B-6B82-4916-BD2B-2CE2071EA622}.Release|Any CPU.ActiveCfg = Release|Any CPU
		{17831F3B-6B82-4916-BD2B-2CE2071EA622}.Release|Any CPU.Build.0 = Release|Any CPU
	EndGlobalSection
	GlobalSection(SolutionProperties) = preSolution
		HideSolutionNode = FALSE
	EndGlobalSection
	GlobalSection(NestedProjects) = preSolution
		{77138947-1D13-4E22-AEE0-5D0DD046CA34} = {15268907-1FDE-49A7-8B6B-73FEC93D69B9}
		{F807062D-6FC9-4FF0-A9F5-5F94653EDC4D} = {15268907-1FDE-49A7-8B6B-73FEC93D69B9}
		{17831F3B-6B82-4916-BD2B-2CE2071EA622} = {15268907-1FDE-49A7-8B6B-73FEC93D69B9}
	EndGlobalSection
EndGlobal
