
Microsoft Visual Studio Solution File, Format Version 10.00
# Visual Studio 2008
Project("{FAE04EC0-301F-11D3-BF4B-00C04F79EFBC}") = "Commanding.Desktop", "Desktop\Commanding\Commanding.Desktop.csproj", "{1E2A9E02-ACEC-4BEE-AFF3-E7480723CAA3}"
EndProject
Project("{2150E333-8FDC-42A3-9474-1A3956D46DE8}") = "Composite Application Library", "Composite Application Library", "{AACF6B58-39D2-4343-9462-CB90AAD01011}"
EndProject
Project("{2150E333-8FDC-42A3-9474-1A3956D46DE8}") = "Unit Tests", "Unit Tests", "{F4C2E6E8-E8A6-4788-9700-D59702F97B77}"
EndProject
Project("{2150E333-8FDC-42A3-9474-1A3956D46DE8}") = "Desktop", "Desktop", "{1A092B81-837D-4F35-BA49-ECE4674E1606}"
EndProject
Project("{FAE04EC0-301F-11D3-BF4B-00C04F79EFBC}") = "Composite.Desktop", "..\..\CAL\Desktop\Composite\Composite.Desktop.csproj", "{77138947-1D13-4E22-AEE0-5D0DD046CA34}"
EndProject
Project("{FAE04EC0-301F-11D3-BF4B-00C04F79EFBC}") = "Composite.Presentation.Desktop", "..\..\CAL\Desktop\Composite.Presentation\Composite.Presentation.Desktop.csproj", "{F807062D-6FC9-4FF0-A9F5-5F94653EDC4D}"
EndProject
Project("{FAE04EC0-301F-11D3-BF4B-00C04F79EFBC}") = "Composite.UnityExtensions.Desktop", "..\..\CAL\Desktop\Composite.UnityExtensions\Composite.UnityExtensions.Desktop.csproj", "{17831F3B-6B82-4916-BD2B-2CE2071EA622}"
EndProject
Project("{FAE04EC0-301F-11D3-BF4B-00C04F79EFBC}") = "Composite.Presentation.Desktop.Tests", "..\..\CAL\Desktop\Composite.Presentation.Tests\Composite.Presentation.Desktop.Tests.csproj", "{BBC4F378-C99A-4F50-B0E6-E3B97B9F22CC}"
EndProject
Project("{FAE04EC0-301F-11D3-BF4B-00C04F79EFBC}") = "Commanding.Modules.Order.Desktop", "Desktop\Commanding.OrderModule\Commanding.Modules.Order.Desktop.csproj", "{2FBD1FEC-7E2D-4157-9245-5267CB081482}"
EndProject
Project("{2150E333-8FDC-42A3-9474-1A3956D46DE8}") = "Silverlight", "Silverlight", "{A2B0F6D7-87E8-4895-926D-FCAC579B5696}"
EndProject
Project("{2150E333-8FDC-42A3-9474-1A3956D46DE8}") = "Composite Application Library", "Composite Application Library", "{46FAE994-ED3E-4E41-AC3F-CC2D1257B0D7}"
EndProject
Project("{2150E333-8FDC-42A3-9474-1A3956D46DE8}") = "Unit Tests", "Unit Tests", "{9A010B5C-BBFD-40F0-9385-0C12D5B42E03}"
EndProject
Project("{FAE04EC0-301F-11D3-BF4B-00C04F79EFBC}") = "Composite.Silverlight", "..\..\CAL\Silverlight\Composite\Composite.Silverlight.csproj", "{CC79289A-2563-40B8-895C-3CDA56BA4956}"
EndProject
Project("{FAE04EC0-301F-11D3-BF4B-00C04F79EFBC}") = "Composite.Presentation.Silverlight", "..\..\CAL\Silverlight\Composite.Presentation\Composite.Presentation.Silverlight.csproj", "{E0D65CA9-810F-4FEC-9CB8-D8943FF28A9D}"
EndProject
Project("{FAE04EC0-301F-11D3-BF4B-00C04F79EFBC}") = "Composite.UnityExtensions.Silverlight", "..\..\CAL\Silverlight\Composite.UnityExtensions\Composite.UnityExtensions.Silverlight.csproj", "{BFEE6E53-23C2-46BB-8E6B-AE6398F39BB5}"
EndProject
Project("{FAE04EC0-301F-11D3-BF4B-00C04F79EFBC}") = "Composite.Presentation.Silverlight.Tests", "..\..\CAL\Silverlight\Composite.Presentation.Tests\Composite.Presentation.Silverlight.Tests.csproj", "{CD653E0D-E36A-4B68-8DC3-3112E4E4C1B3}"
EndProject
Project("{FAE04EC0-301F-11D3-BF4B-00C04F79EFBC}") = "Commanding.Silverlight", "Silverlight\Commanding\Commanding.Silverlight.csproj", "{830CECB5-7552-4AC7-86C2-8A9FE1FF4DBF}"
EndProject
Project("{FAE04EC0-301F-11D3-BF4B-00C04F79EFBC}") = "Commanding.Modules.Order.Silverlight", "Silverlight\Commanding.OrderModule\Commanding.Modules.Order.Silverlight.csproj", "{BE5482C1-183A-4BA7-B9FD-7A73A10FFC10}"
EndProject
Global
	GlobalSection(SolutionConfigurationPlatforms) = preSolution
		Debug|Any CPU = Debug|Any CPU
		Release|Any CPU = Release|Any CPU
	EndGlobalSection
	GlobalSection(ProjectConfigurationPlatforms) = postSolution
		{1E2A9E02-ACEC-4BEE-AFF3-E7480723CAA3}.Debug|Any CPU.ActiveCfg = Debug|Any CPU
		{1E2A9E02-ACEC-4BEE-AFF3-E7480723CAA3}.Debug|Any CPU.Build.0 = Debug|Any CPU
		{1E2A9E02-ACEC-4BEE-AFF3-E7480723CAA3}.Release|Any CPU.ActiveCfg = Release|Any CPU
		{1E2A9E02-ACEC-4BEE-AFF3-E7480723CAA3}.Release|Any CPU.Build.0 = Release|Any CPU
		{77138947-1D13-4E22-AEE0-5D0DD046CA34}.Debug|Any CPU.ActiveCfg = Debug|Any CPU
		{77138947-1D13-4E22-AEE0-5D0DD046CA34}.Debug|Any CPU.Build.0 = Debug|Any CPU
		{77138947-1D13-4E22-AEE0-5D0DD046CA34}.Release|Any CPU.ActiveCfg = Release|Any CPU
		{77138947-1D13-4E22-AEE0-5D0DD046CA34}.Release|Any CPU.Build.0 = Release|Any CPU
		{F807062D-6FC9-4FF0-A9F5-5F94653EDC4D}.Debug|Any CPU.ActiveCfg = Debug|Any CPU
		{F807062D-6FC9-4FF0-A9F5-5F94653EDC4D}.Debug|Any CPU.Build.0 = Debug|Any CPU
		{F807062D-6FC9-4FF0-A9F5-5F94653EDC4D}.Release|Any CPU.ActiveCfg = Release|Any CPU
		{F807062D-6FC9-4FF0-A9F5-5F94653EDC4D}.Release|Any CPU.Build.0 = Release|Any CPU
		{17831F3B-6B82-4916-BD2B-2CE2071EA622}.Debug|Any CPU.ActiveCfg = Debug|Any CPU
		{17831F3B-6B82-4916-BD2B-2CE2071EA622}.Debug|Any CPU.Build.0 = Debug|Any CPU
		{17831F3B-6B82-4916-BD2B-2CE2071EA622}.Release|Any CPU.ActiveCfg = Release|Any CPU
		{17831F3B-6B82-4916-BD2B-2CE2071EA622}.Release|Any CPU.Build.0 = Release|Any CPU
		{BBC4F378-C99A-4F50-B0E6-E3B97B9F22CC}.Debug|Any CPU.ActiveCfg = Debug|Any CPU
		{BBC4F378-C99A-4F50-B0E6-E3B97B9F22CC}.Debug|Any CPU.Build.0 = Debug|Any CPU
		{BBC4F378-C99A-4F50-B0E6-E3B97B9F22CC}.Release|Any CPU.ActiveCfg = Release|Any CPU
		{BBC4F378-C99A-4F50-B0E6-E3B97B9F22CC}.Release|Any CPU.Build.0 = Release|Any CPU
		{2FBD1FEC-7E2D-4157-9245-5267CB081482}.Debug|Any CPU.ActiveCfg = Debug|Any CPU
		{2FBD1FEC-7E2D-4157-9245-5267CB081482}.Debug|Any CPU.Build.0 = Debug|Any CPU
		{2FBD1FEC-7E2D-4157-9245-5267CB081482}.Release|Any CPU.ActiveCfg = Release|Any CPU
		{2FBD1FEC-7E2D-4157-9245-5267CB081482}.Release|Any CPU.Build.0 = Release|Any CPU
		{CC79289A-2563-40B8-895C-3CDA56BA4956}.Debug|Any CPU.ActiveCfg = Debug|Any CPU
		{CC79289A-2563-40B8-895C-3CDA56BA4956}.Debug|Any CPU.Build.0 = Debug|Any CPU
		{CC79289A-2563-40B8-895C-3CDA56BA4956}.Release|Any CPU.ActiveCfg = Release|Any CPU
		{CC79289A-2563-40B8-895C-3CDA56BA4956}.Release|Any CPU.Build.0 = Release|Any CPU
		{E0D65CA9-810F-4FEC-9CB8-D8943FF28A9D}.Debug|Any CPU.ActiveCfg = Debug|Any CPU
		{E0D65CA9-810F-4FEC-9CB8-D8943FF28A9D}.Debug|Any CPU.Build.0 = Debug|Any CPU
		{E0D65CA9-810F-4FEC-9CB8-D8943FF28A9D}.Release|Any CPU.ActiveCfg = Release|Any CPU
		{E0D65CA9-810F-4FEC-9CB8-D8943FF28A9D}.Release|Any CPU.Build.0 = Release|Any CPU
		{BFEE6E53-23C2-46BB-8E6B-AE6398F39BB5}.Debug|Any CPU.ActiveCfg = Debug|Any CPU
		{BFEE6E53-23C2-46BB-8E6B-AE6398F39BB5}.Debug|Any CPU.Build.0 = Debug|Any CPU
		{BFEE6E53-23C2-46BB-8E6B-AE6398F39BB5}.Release|Any CPU.ActiveCfg = Release|Any CPU
		{BFEE6E53-23C2-46BB-8E6B-AE6398F39BB5}.Release|Any CPU.Build.0 = Release|Any CPU
		{CD653E0D-E36A-4B68-8DC3-3112E4E4C1B3}.Debug|Any CPU.ActiveCfg = Debug|Any CPU
		{CD653E0D-E36A-4B68-8DC3-3112E4E4C1B3}.Debug|Any CPU.Build.0 = Debug|Any CPU
		{CD653E0D-E36A-4B68-8DC3-3112E4E4C1B3}.Release|Any CPU.ActiveCfg = Release|Any CPU
		{CD653E0D-E36A-4B68-8DC3-3112E4E4C1B3}.Release|Any CPU.Build.0 = Release|Any CPU
		{830CECB5-7552-4AC7-86C2-8A9FE1FF4DBF}.Debug|Any CPU.ActiveCfg = Debug|Any CPU
		{830CECB5-7552-4AC7-86C2-8A9FE1FF4DBF}.Debug|Any CPU.Build.0 = Debug|Any CPU
		{830CECB5-7552-4AC7-86C2-8A9FE1FF4DBF}.Release|Any CPU.ActiveCfg = Release|Any CPU
		{830CECB5-7552-4AC7-86C2-8A9FE1FF4DBF}.Release|Any CPU.Build.0 = Release|Any CPU
		{BE5482C1-183A-4BA7-B9FD-7A73A10FFC10}.Debug|Any CPU.ActiveCfg = Debug|Any CPU
		{BE5482C1-183A-4BA7-B9FD-7A73A10FFC10}.Debug|Any CPU.Build.0 = Debug|Any CPU
		{BE5482C1-183A-4BA7-B9FD-7A73A10FFC10}.Release|Any CPU.ActiveCfg = Release|Any CPU
		{BE5482C1-183A-4BA7-B9FD-7A73A10FFC10}.Release|Any CPU.Build.0 = Release|Any CPU
	EndGlobalSection
	GlobalSection(SolutionProperties) = preSolution
		HideSolutionNode = FALSE
	EndGlobalSection
	GlobalSection(NestedProjects) = preSolution
		{AACF6B58-39D2-4343-9462-CB90AAD01011} = {1A092B81-837D-4F35-BA49-ECE4674E1606}
		{F4C2E6E8-E8A6-4788-9700-D59702F97B77} = {1A092B81-837D-4F35-BA49-ECE4674E1606}
		{1E2A9E02-ACEC-4BEE-AFF3-E7480723CAA3} = {1A092B81-837D-4F35-BA49-ECE4674E1606}
		{2FBD1FEC-7E2D-4157-9245-5267CB081482} = {1A092B81-837D-4F35-BA49-ECE4674E1606}
		{77138947-1D13-4E22-AEE0-5D0DD046CA34} = {AACF6B58-39D2-4343-9462-CB90AAD01011}
		{F807062D-6FC9-4FF0-A9F5-5F94653EDC4D} = {AACF6B58-39D2-4343-9462-CB90AAD01011}
		{17831F3B-6B82-4916-BD2B-2CE2071EA622} = {AACF6B58-39D2-4343-9462-CB90AAD01011}
		{BBC4F378-C99A-4F50-B0E6-E3B97B9F22CC} = {F4C2E6E8-E8A6-4788-9700-D59702F97B77}
		{46FAE994-ED3E-4E41-AC3F-CC2D1257B0D7} = {A2B0F6D7-87E8-4895-926D-FCAC579B5696}
		{9A010B5C-BBFD-40F0-9385-0C12D5B42E03} = {A2B0F6D7-87E8-4895-926D-FCAC579B5696}
		{830CECB5-7552-4AC7-86C2-8A9FE1FF4DBF} = {A2B0F6D7-87E8-4895-926D-FCAC579B5696}
		{BE5482C1-183A-4BA7-B9FD-7A73A10FFC10} = {A2B0F6D7-87E8-4895-926D-FCAC579B5696}
		{CC79289A-2563-40B8-895C-3CDA56BA4956} = {46FAE994-ED3E-4E41-AC3F-CC2D1257B0D7}
		{E0D65CA9-810F-4FEC-9CB8-D8943FF28A9D} = {46FAE994-ED3E-4E41-AC3F-CC2D1257B0D7}
		{BFEE6E53-23C2-46BB-8E6B-AE6398F39BB5} = {46FAE994-ED3E-4E41-AC3F-CC2D1257B0D7}
		{CD653E0D-E36A-4B68-8DC3-3112E4E4C1B3} = {9A010B5C-BBFD-40F0-9385-0C12D5B42E03}
	EndGlobalSection
EndGlobal
