
Microsoft Visual Studio Solution File, Format Version 10.00
# Visual Studio 2008
Project("{FAE04EC0-301F-11D3-BF4B-00C04F79EFBC}") = "UIComposition.Tests.AcceptanceTests", "UIComposition.Tests.AcceptanceTests\UIComposition.Tests.AcceptanceTests.csproj", "{B9BD4723-E0E3-4AAC-B151-D1094B10943F}"
EndProject
Project("{2150E333-8FDC-42A3-9474-1A3956D46DE8}") = "Solution Items", "Solution Items", "{9DC6AAE6-5478-43C7-8908-F9123EEA0578}"
	ProjectSection(SolutionItems) = preProject
		UIComposition_AcceptanceTest.testrunconfig = UIComposition_AcceptanceTest.testrunconfig
	EndProjectSection
EndProject
Global
	GlobalSection(TestCaseManagementSettings) = postSolution
		CategoryFile = UIComposition_AcceptanceTest.vsmdi
	EndGlobalSection
	GlobalSection(SolutionConfigurationPlatforms) = preSolution
		Debug|Any CPU = Debug|Any CPU
		Release|Any CPU = Release|Any CPU
	EndGlobalSection
	GlobalSection(ProjectConfigurationPlatforms) = postSolution
		{B9BD4723-E0E3-4AAC-B151-D1094B10943F}.Debug|Any CPU.ActiveCfg = Debug|Any CPU
		{B9BD4723-E0E3-4AAC-B151-D1094B10943F}.Debug|Any CPU.Build.0 = Debug|Any CPU
		{B9BD4723-E0E3-4AAC-B151-D1094B10943F}.Release|Any CPU.ActiveCfg = Release|Any CPU
		{B9BD4723-E0E3-4AAC-B151-D1094B10943F}.Release|Any CPU.Build.0 = Release|Any CPU
	EndGlobalSection
	GlobalSection(SolutionProperties) = preSolution
		HideSolutionNode = FALSE
	EndGlobalSection
EndGlobal
