
Microsoft Visual Studio Solution File, Format Version 10.00
# Visual Studio 2008
Project("{FAE04EC0-301F-11D3-BF4B-00C04F79EFBC}") = "UIComposition.Desktop", "Desktop\UIComposition\UIComposition.Desktop.csproj", "{038A54AC-EEFD-4F5D-82DC-C4AFD1A3201D}"
EndProject
Project("{FAE04EC0-301F-11D3-BF4B-00C04F79EFBC}") = "UIComposition.Modules.Employee.Desktop", "Desktop\UIComposition.Modules.Employee\UIComposition.Modules.Employee.Desktop.csproj", "{D361DA77-FC72-4352-8942-03037978287A}"
EndProject
Project("{FAE04EC0-301F-11D3-BF4B-00C04F79EFBC}") = "UIComposition.Modules.Project.Desktop", "Desktop\UIComposition.Modules.Project\UIComposition.Modules.Project.Desktop.csproj", "{A7DC4C1C-BFE1-4820-A821-1B7E37E3E0D0}"
EndProject
Project("{FAE04EC0-301F-11D3-BF4B-00C04F79EFBC}") = "UIComposition.Modules.Employee.Desktop.Tests", "Desktop\UIComposition.Modules.Employee.Tests\UIComposition.Modules.Employee.Desktop.Tests.csproj", "{B9EE42F2-B9C1-41D6-ADF2-6538156720C6}"
EndProject
Project("{2150E333-8FDC-42A3-9474-1A3956D46DE8}") = "Modules", "Modules", "{077CEEA2-1574-43EC-A9CE-FCBBF7E52AAB}"
EndProject
Project("{2150E333-8FDC-42A3-9474-1A3956D46DE8}") = "Unit Tests", "Unit Tests", "{A124EF34-27B8-4312-BF82-4F427A057B90}"
EndProject
Project("{FAE04EC0-301F-11D3-BF4B-00C04F79EFBC}") = "UIComposition.Modules.Project.Desktop.Tests", "Desktop\UIComposition.Modules.Project.Tests\UIComposition.Modules.Project.Desktop.Tests.csproj", "{4C7FC8CC-1E27-4500-9D05-71049EA1A3B9}"
EndProject
Project("{2150E333-8FDC-42A3-9474-1A3956D46DE8}") = "Composite Application Library", "Composite Application Library", "{012184A3-2085-4B51-A15C-5F3FC68392E0}"
EndProject
Project("{FAE04EC0-301F-11D3-BF4B-00C04F79EFBC}") = "UIComposition.Infrastructure.Desktop", "Desktop\UIComposition.Infrastructure\UIComposition.Infrastructure.Desktop.csproj", "{4511B435-FF23-484C-B5FE-9C4057F380C0}"
EndProject
Project("{FAE04EC0-301F-11D3-BF4B-00C04F79EFBC}") = "Composite.UnityExtensions.Desktop", "..\..\..\CAL\Desktop\Composite.UnityExtensions\Composite.UnityExtensions.Desktop.csproj", "{17831F3B-6B82-4916-BD2B-2CE2071EA622}"
EndProject
Project("{FAE04EC0-301F-11D3-BF4B-00C04F79EFBC}") = "Composite.Presentation.Desktop", "..\..\..\CAL\Desktop\Composite.Presentation\Composite.Presentation.Desktop.csproj", "{F807062D-6FC9-4FF0-A9F5-5F94653EDC4D}"
EndProject
Project("{FAE04EC0-301F-11D3-BF4B-00C04F79EFBC}") = "Composite.Presentation.Desktop.Tests", "..\..\..\CAL\Desktop\Composite.Presentation.Tests\Composite.Presentation.Desktop.Tests.csproj", "{BBC4F378-C99A-4F50-B0E6-E3B97B9F22CC}"
EndProject
Project("{FAE04EC0-301F-11D3-BF4B-00C04F79EFBC}") = "Composite.Desktop", "..\..\..\CAL\Desktop\Composite\Composite.Desktop.csproj", "{77138947-1D13-4E22-AEE0-5D0DD046CA34}"
EndProject
Project("{2150E333-8FDC-42A3-9474-1A3956D46DE8}") = "Desktop", "Desktop", "{7C6923E9-5570-4671-B6F0-2FE930C620F5}"
EndProject
Project("{2150E333-8FDC-42A3-9474-1A3956D46DE8}") = "Silverlight", "Silverlight", "{EC12DC9C-4863-4FDC-9849-4213715A7218}"
EndProject
Project("{2150E333-8FDC-42A3-9474-1A3956D46DE8}") = "Modules", "Modules", "{3082704A-D254-4A40-870B-3CFCBA73E3D1}"
EndProject
Project("{FAE04EC0-301F-11D3-BF4B-00C04F79EFBC}") = "UIComposition.Modules.Project.Silverlight", "Silverlight\UIComposition.Modules.Project\UIComposition.Modules.Project.Silverlight.csproj", "{129B7BAA-95C0-4FFF-B968-C3EB4C886680}"
EndProject
Project("{FAE04EC0-301F-11D3-BF4B-00C04F79EFBC}") = "UIComposition.Modules.Employee.Silverlight", "Silverlight\UIComposition.Modules.Employee\UIComposition.Modules.Employee.Silverlight.csproj", "{C7591CA5-D022-4BE9-9CEF-0E85B4EF5CDF}"
EndProject
Project("{2150E333-8FDC-42A3-9474-1A3956D46DE8}") = "Composite Application Library", "Composite Application Library", "{1E871854-4A80-450F-83A3-A7AC8D6D2F7C}"
EndProject
Project("{FAE04EC0-301F-11D3-BF4B-00C04F79EFBC}") = "Composite.Silverlight", "..\..\..\CAL\Silverlight\Composite\Composite.Silverlight.csproj", "{CC79289A-2563-40B8-895C-3CDA56BA4956}"
EndProject
Project("{FAE04EC0-301F-11D3-BF4B-00C04F79EFBC}") = "Composite.Presentation.Silverlight", "..\..\..\CAL\Silverlight\Composite.Presentation\Composite.Presentation.Silverlight.csproj", "{E0D65CA9-810F-4FEC-9CB8-D8943FF28A9D}"
EndProject
Project("{FAE04EC0-301F-11D3-BF4B-00C04F79EFBC}") = "Composite.UnityExtensions.Silverlight", "..\..\..\CAL\Silverlight\Composite.UnityExtensions\Composite.UnityExtensions.Silverlight.csproj", "{BFEE6E53-23C2-46BB-8E6B-AE6398F39BB5}"
EndProject
Project("{FAE04EC0-301F-11D3-BF4B-00C04F79EFBC}") = "UIComposition.Infrastructure.Silverlight", "Silverlight\UIComposition.Infrastructure\UIComposition.Infrastructure.Silverlight.csproj", "{4AF5DD23-642E-46B2-BFE9-D8D750EDBBB3}"
EndProject
Project("{FAE04EC0-301F-11D3-BF4B-00C04F79EFBC}") = "UIComposition.Silverlight", "Silverlight\UIComposition\UIComposition.Silverlight.csproj", "{039A9D26-9A1F-4987-AF5E-25485C4734D0}"
EndProject
Project("{2150E333-8FDC-42A3-9474-1A3956D46DE8}") = "Unit Tests", "Unit Tests", "{D8F53CB3-10BA-4051-ADF0-9D26D51F0BAD}"
EndProject
Project("{FAE04EC0-301F-11D3-BF4B-00C04F79EFBC}") = "Composite.Presentation.Silverlight.Tests", "..\..\..\CAL\Silverlight\Composite.Presentation.Tests\Composite.Presentation.Silverlight.Tests.csproj", "{CD653E0D-E36A-4B68-8DC3-3112E4E4C1B3}"
EndProject
Project("{FAE04EC0-301F-11D3-BF4B-00C04F79EFBC}") = "UIComposition.Modules.Employee.Silverlight.Tests", "Silverlight\UIComposition.Modules.Employee.Tests\UIComposition.Modules.Employee.Silverlight.Tests.csproj", "{FA034423-B9FC-4DEC-88D5-DDA6068E9B94}"
EndProject
Project("{FAE04EC0-301F-11D3-BF4B-00C04F79EFBC}") = "UIComposition.Modules.Project.Silverlight.Tests", "Silverlight\UIComposition.Modules.Project.Tests\UIComposition.Modules.Project.Silverlight.Tests.csproj", "{0DCA4EED-7696-4613-8DA0-6B2551017BA1}"
EndProject
Project("{FAE04EC0-301F-11D3-BF4B-00C04F79EFBC}") = "Composite.UnityExtensions.Desktop.Tests", "..\..\..\CAL\Desktop\Composite.UnityExtensions.Tests\Composite.UnityExtensions.Desktop.Tests.csproj", "{75511F4B-2602-4623-945C-AF8156B51F4E}"
EndProject
Project("{FAE04EC0-301F-11D3-BF4B-00C04F79EFBC}") = "Composite.UnityExtensions.Silverlight.Tests", "..\..\..\CAL\Silverlight\Composite.UnityExtensions.Tests\Composite.UnityExtensions.Silverlight.Tests.csproj", "{0CA04DAA-ABFF-4B5B-856B-243383E5351D}"
EndProject
Project("{FAE04EC0-301F-11D3-BF4B-00C04F79EFBC}") = "Composite.Desktop.Tests", "..\..\..\CAL\Desktop\Composite.Tests\Composite.Desktop.Tests.csproj", "{7DB8E74D-214F-4840-B294-58372D369958}"
EndProject
Project("{FAE04EC0-301F-11D3-BF4B-00C04F79EFBC}") = "Composite.Silverlight.Tests", "..\..\..\CAL\Silverlight\Composite.Tests\Composite.Silverlight.Tests.csproj", "{948D0452-B1DF-473B-A616-EC7259F1C0FC}"
EndProject
Global
	GlobalSection(TestCaseManagementSettings) = postSolution
		CategoryFile = Desktop\StockTraderRI.vsmdi
	EndGlobalSection
	GlobalSection(SolutionConfigurationPlatforms) = preSolution
		Debug|Any CPU = Debug|Any CPU
		Release|Any CPU = Release|Any CPU
	EndGlobalSection
	GlobalSection(ProjectConfigurationPlatforms) = postSolution
		{038A54AC-EEFD-4F5D-82DC-C4AFD1A3201D}.Debug|Any CPU.ActiveCfg = Debug|Any CPU
		{038A54AC-EEFD-4F5D-82DC-C4AFD1A3201D}.Debug|Any CPU.Build.0 = Debug|Any CPU
		{038A54AC-EEFD-4F5D-82DC-C4AFD1A3201D}.Release|Any CPU.ActiveCfg = Release|Any CPU
		{038A54AC-EEFD-4F5D-82DC-C4AFD1A3201D}.Release|Any CPU.Build.0 = Release|Any CPU
		{D361DA77-FC72-4352-8942-03037978287A}.Debug|Any CPU.ActiveCfg = Debug|Any CPU
		{D361DA77-FC72-4352-8942-03037978287A}.Debug|Any CPU.Build.0 = Debug|Any CPU
		{D361DA77-FC72-4352-8942-03037978287A}.Release|Any CPU.ActiveCfg = Release|Any CPU
		{D361DA77-FC72-4352-8942-03037978287A}.Release|Any CPU.Build.0 = Release|Any CPU
		{A7DC4C1C-BFE1-4820-A821-1B7E37E3E0D0}.Debug|Any CPU.ActiveCfg = Debug|Any CPU
		{A7DC4C1C-BFE1-4820-A821-1B7E37E3E0D0}.Debug|Any CPU.Build.0 = Debug|Any CPU
		{A7DC4C1C-BFE1-4820-A821-1B7E37E3E0D0}.Release|Any CPU.ActiveCfg = Release|Any CPU
		{A7DC4C1C-BFE1-4820-A821-1B7E37E3E0D0}.Release|Any CPU.Build.0 = Release|Any CPU
		{B9EE42F2-B9C1-41D6-ADF2-6538156720C6}.Debug|Any CPU.ActiveCfg = Debug|Any CPU
		{B9EE42F2-B9C1-41D6-ADF2-6538156720C6}.Debug|Any CPU.Build.0 = Debug|Any CPU
		{B9EE42F2-B9C1-41D6-ADF2-6538156720C6}.Release|Any CPU.ActiveCfg = Release|Any CPU
		{B9EE42F2-B9C1-41D6-ADF2-6538156720C6}.Release|Any CPU.Build.0 = Release|Any CPU
		{4C7FC8CC-1E27-4500-9D05-71049EA1A3B9}.Debug|Any CPU.ActiveCfg = Debug|Any CPU
		{4C7FC8CC-1E27-4500-9D05-71049EA1A3B9}.Debug|Any CPU.Build.0 = Debug|Any CPU
		{4C7FC8CC-1E27-4500-9D05-71049EA1A3B9}.Release|Any CPU.ActiveCfg = Release|Any CPU
		{4C7FC8CC-1E27-4500-9D05-71049EA1A3B9}.Release|Any CPU.Build.0 = Release|Any CPU
		{4511B435-FF23-484C-B5FE-9C4057F380C0}.Debug|Any CPU.ActiveCfg = Debug|Any CPU
		{4511B435-FF23-484C-B5FE-9C4057F380C0}.Debug|Any CPU.Build.0 = Debug|Any CPU
		{4511B435-FF23-484C-B5FE-9C4057F380C0}.Release|Any CPU.ActiveCfg = Release|Any CPU
		{4511B435-FF23-484C-B5FE-9C4057F380C0}.Release|Any CPU.Build.0 = Release|Any CPU
		{17831F3B-6B82-4916-BD2B-2CE2071EA622}.Debug|Any CPU.ActiveCfg = Debug|Any CPU
		{17831F3B-6B82-4916-BD2B-2CE2071EA622}.Debug|Any CPU.Build.0 = Debug|Any CPU
		{17831F3B-6B82-4916-BD2B-2CE2071EA622}.Release|Any CPU.ActiveCfg = Release|Any CPU
		{17831F3B-6B82-4916-BD2B-2CE2071EA622}.Release|Any CPU.Build.0 = Release|Any CPU
		{F807062D-6FC9-4FF0-A9F5-5F94653EDC4D}.Debug|Any CPU.ActiveCfg = Debug|Any CPU
		{F807062D-6FC9-4FF0-A9F5-5F94653EDC4D}.Debug|Any CPU.Build.0 = Debug|Any CPU
		{F807062D-6FC9-4FF0-A9F5-5F94653EDC4D}.Release|Any CPU.ActiveCfg = Release|Any CPU
		{F807062D-6FC9-4FF0-A9F5-5F94653EDC4D}.Release|Any CPU.Build.0 = Release|Any CPU
		{BBC4F378-C99A-4F50-B0E6-E3B97B9F22CC}.Debug|Any CPU.ActiveCfg = Debug|Any CPU
		{BBC4F378-C99A-4F50-B0E6-E3B97B9F22CC}.Debug|Any CPU.Build.0 = Debug|Any CPU
		{BBC4F378-C99A-4F50-B0E6-E3B97B9F22CC}.Release|Any CPU.ActiveCfg = Release|Any CPU
		{BBC4F378-C99A-4F50-B0E6-E3B97B9F22CC}.Release|Any CPU.Build.0 = Release|Any CPU
		{77138947-1D13-4E22-AEE0-5D0DD046CA34}.Debug|Any CPU.ActiveCfg = Debug|Any CPU
		{77138947-1D13-4E22-AEE0-5D0DD046CA34}.Debug|Any CPU.Build.0 = Debug|Any CPU
		{77138947-1D13-4E22-AEE0-5D0DD046CA34}.Release|Any CPU.ActiveCfg = Release|Any CPU
		{77138947-1D13-4E22-AEE0-5D0DD046CA34}.Release|Any CPU.Build.0 = Release|Any CPU
		{129B7BAA-95C0-4FFF-B968-C3EB4C886680}.Debug|Any CPU.ActiveCfg = Debug|Any CPU
		{129B7BAA-95C0-4FFF-B968-C3EB4C886680}.Debug|Any CPU.Build.0 = Debug|Any CPU
		{129B7BAA-95C0-4FFF-B968-C3EB4C886680}.Release|Any CPU.ActiveCfg = Release|Any CPU
		{129B7BAA-95C0-4FFF-B968-C3EB4C886680}.Release|Any CPU.Build.0 = Release|Any CPU
		{C7591CA5-D022-4BE9-9CEF-0E85B4EF5CDF}.Debug|Any CPU.ActiveCfg = Debug|Any CPU
		{C7591CA5-D022-4BE9-9CEF-0E85B4EF5CDF}.Debug|Any CPU.Build.0 = Debug|Any CPU
		{C7591CA5-D022-4BE9-9CEF-0E85B4EF5CDF}.Release|Any CPU.ActiveCfg = Release|Any CPU
		{C7591CA5-D022-4BE9-9CEF-0E85B4EF5CDF}.Release|Any CPU.Build.0 = Release|Any CPU
		{CC79289A-2563-40B8-895C-3CDA56BA4956}.Debug|Any CPU.ActiveCfg = Debug|Any CPU
		{CC79289A-2563-40B8-895C-3CDA56BA4956}.Debug|Any CPU.Build.0 = Debug|Any CPU
		{CC79289A-2563-40B8-895C-3CDA56BA4956}.Release|Any CPU.ActiveCfg = Release|Any CPU
		{CC79289A-2563-40B8-895C-3CDA56BA4956}.Release|Any CPU.Build.0 = Release|Any CPU
		{E0D65CA9-810F-4FEC-9CB8-D8943FF28A9D}.Debug|Any CPU.ActiveCfg = Debug|Any CPU
		{E0D65CA9-810F-4FEC-9CB8-D8943FF28A9D}.Debug|Any CPU.Build.0 = Debug|Any CPU
		{E0D65CA9-810F-4FEC-9CB8-D8943FF28A9D}.Release|Any CPU.ActiveCfg = Release|Any CPU
		{E0D65CA9-810F-4FEC-9CB8-D8943FF28A9D}.Release|Any CPU.Build.0 = Release|Any CPU
		{BFEE6E53-23C2-46BB-8E6B-AE6398F39BB5}.Debug|Any CPU.ActiveCfg = Debug|Any CPU
		{BFEE6E53-23C2-46BB-8E6B-AE6398F39BB5}.Debug|Any CPU.Build.0 = Debug|Any CPU
		{BFEE6E53-23C2-46BB-8E6B-AE6398F39BB5}.Release|Any CPU.ActiveCfg = Release|Any CPU
		{BFEE6E53-23C2-46BB-8E6B-AE6398F39BB5}.Release|Any CPU.Build.0 = Release|Any CPU
		{4AF5DD23-642E-46B2-BFE9-D8D750EDBBB3}.Debug|Any CPU.ActiveCfg = Debug|Any CPU
		{4AF5DD23-642E-46B2-BFE9-D8D750EDBBB3}.Debug|Any CPU.Build.0 = Debug|Any CPU
		{4AF5DD23-642E-46B2-BFE9-D8D750EDBBB3}.Release|Any CPU.ActiveCfg = Release|Any CPU
		{4AF5DD23-642E-46B2-BFE9-D8D750EDBBB3}.Release|Any CPU.Build.0 = Release|Any CPU
		{039A9D26-9A1F-4987-AF5E-25485C4734D0}.Debug|Any CPU.ActiveCfg = Debug|Any CPU
		{039A9D26-9A1F-4987-AF5E-25485C4734D0}.Debug|Any CPU.Build.0 = Debug|Any CPU
		{039A9D26-9A1F-4987-AF5E-25485C4734D0}.Release|Any CPU.ActiveCfg = Release|Any CPU
		{039A9D26-9A1F-4987-AF5E-25485C4734D0}.Release|Any CPU.Build.0 = Release|Any CPU
		{CD653E0D-E36A-4B68-8DC3-3112E4E4C1B3}.Debug|Any CPU.ActiveCfg = Debug|Any CPU
		{CD653E0D-E36A-4B68-8DC3-3112E4E4C1B3}.Debug|Any CPU.Build.0 = Debug|Any CPU
		{CD653E0D-E36A-4B68-8DC3-3112E4E4C1B3}.Release|Any CPU.ActiveCfg = Release|Any CPU
		{CD653E0D-E36A-4B68-8DC3-3112E4E4C1B3}.Release|Any CPU.Build.0 = Release|Any CPU
		{FA034423-B9FC-4DEC-88D5-DDA6068E9B94}.Debug|Any CPU.ActiveCfg = Debug|Any CPU
		{FA034423-B9FC-4DEC-88D5-DDA6068E9B94}.Debug|Any CPU.Build.0 = Debug|Any CPU
		{FA034423-B9FC-4DEC-88D5-DDA6068E9B94}.Release|Any CPU.ActiveCfg = Release|Any CPU
		{FA034423-B9FC-4DEC-88D5-DDA6068E9B94}.Release|Any CPU.Build.0 = Release|Any CPU
		{0DCA4EED-7696-4613-8DA0-6B2551017BA1}.Debug|Any CPU.ActiveCfg = Debug|Any CPU
		{0DCA4EED-7696-4613-8DA0-6B2551017BA1}.Debug|Any CPU.Build.0 = Debug|Any CPU
		{0DCA4EED-7696-4613-8DA0-6B2551017BA1}.Release|Any CPU.ActiveCfg = Release|Any CPU
		{0DCA4EED-7696-4613-8DA0-6B2551017BA1}.Release|Any CPU.Build.0 = Release|Any CPU
		{75511F4B-2602-4623-945C-AF8156B51F4E}.Debug|Any CPU.ActiveCfg = Debug|Any CPU
		{75511F4B-2602-4623-945C-AF8156B51F4E}.Debug|Any CPU.Build.0 = Debug|Any CPU
		{75511F4B-2602-4623-945C-AF8156B51F4E}.Release|Any CPU.ActiveCfg = Release|Any CPU
		{75511F4B-2602-4623-945C-AF8156B51F4E}.Release|Any CPU.Build.0 = Release|Any CPU
		{0CA04DAA-ABFF-4B5B-856B-243383E5351D}.Debug|Any CPU.ActiveCfg = Debug|Any CPU
		{0CA04DAA-ABFF-4B5B-856B-243383E5351D}.Debug|Any CPU.Build.0 = Debug|Any CPU
		{0CA04DAA-ABFF-4B5B-856B-243383E5351D}.Release|Any CPU.ActiveCfg = Release|Any CPU
		{0CA04DAA-ABFF-4B5B-856B-243383E5351D}.Release|Any CPU.Build.0 = Release|Any CPU
		{7DB8E74D-214F-4840-B294-58372D369958}.Debug|Any CPU.ActiveCfg = Debug|Any CPU
		{7DB8E74D-214F-4840-B294-58372D369958}.Debug|Any CPU.Build.0 = Debug|Any CPU
		{7DB8E74D-214F-4840-B294-58372D369958}.Release|Any CPU.ActiveCfg = Release|Any CPU
		{7DB8E74D-214F-4840-B294-58372D369958}.Release|Any CPU.Build.0 = Release|Any CPU
		{948D0452-B1DF-473B-A616-EC7259F1C0FC}.Debug|Any CPU.ActiveCfg = Debug|Any CPU
		{948D0452-B1DF-473B-A616-EC7259F1C0FC}.Debug|Any CPU.Build.0 = Debug|Any CPU
		{948D0452-B1DF-473B-A616-EC7259F1C0FC}.Release|Any CPU.ActiveCfg = Release|Any CPU
		{948D0452-B1DF-473B-A616-EC7259F1C0FC}.Release|Any CPU.Build.0 = Release|Any CPU
	EndGlobalSection
	GlobalSection(SolutionProperties) = preSolution
		HideSolutionNode = FALSE
	EndGlobalSection
	GlobalSection(NestedProjects) = preSolution
		{077CEEA2-1574-43EC-A9CE-FCBBF7E52AAB} = {7C6923E9-5570-4671-B6F0-2FE930C620F5}
		{A124EF34-27B8-4312-BF82-4F427A057B90} = {7C6923E9-5570-4671-B6F0-2FE930C620F5}
		{012184A3-2085-4B51-A15C-5F3FC68392E0} = {7C6923E9-5570-4671-B6F0-2FE930C620F5}
		{4511B435-FF23-484C-B5FE-9C4057F380C0} = {7C6923E9-5570-4671-B6F0-2FE930C620F5}
		{038A54AC-EEFD-4F5D-82DC-C4AFD1A3201D} = {7C6923E9-5570-4671-B6F0-2FE930C620F5}
		{A7DC4C1C-BFE1-4820-A821-1B7E37E3E0D0} = {077CEEA2-1574-43EC-A9CE-FCBBF7E52AAB}
		{D361DA77-FC72-4352-8942-03037978287A} = {077CEEA2-1574-43EC-A9CE-FCBBF7E52AAB}
		{B9EE42F2-B9C1-41D6-ADF2-6538156720C6} = {A124EF34-27B8-4312-BF82-4F427A057B90}
		{4C7FC8CC-1E27-4500-9D05-71049EA1A3B9} = {A124EF34-27B8-4312-BF82-4F427A057B90}
		{BBC4F378-C99A-4F50-B0E6-E3B97B9F22CC} = {A124EF34-27B8-4312-BF82-4F427A057B90}
		{75511F4B-2602-4623-945C-AF8156B51F4E} = {A124EF34-27B8-4312-BF82-4F427A057B90}
		{7DB8E74D-214F-4840-B294-58372D369958} = {A124EF34-27B8-4312-BF82-4F427A057B90}
		{17831F3B-6B82-4916-BD2B-2CE2071EA622} = {012184A3-2085-4B51-A15C-5F3FC68392E0}
		{F807062D-6FC9-4FF0-A9F5-5F94653EDC4D} = {012184A3-2085-4B51-A15C-5F3FC68392E0}
		{77138947-1D13-4E22-AEE0-5D0DD046CA34} = {012184A3-2085-4B51-A15C-5F3FC68392E0}
		{3082704A-D254-4A40-870B-3CFCBA73E3D1} = {EC12DC9C-4863-4FDC-9849-4213715A7218}
		{1E871854-4A80-450F-83A3-A7AC8D6D2F7C} = {EC12DC9C-4863-4FDC-9849-4213715A7218}
		{4AF5DD23-642E-46B2-BFE9-D8D750EDBBB3} = {EC12DC9C-4863-4FDC-9849-4213715A7218}
		{039A9D26-9A1F-4987-AF5E-25485C4734D0} = {EC12DC9C-4863-4FDC-9849-4213715A7218}
		{D8F53CB3-10BA-4051-ADF0-9D26D51F0BAD} = {EC12DC9C-4863-4FDC-9849-4213715A7218}
		{129B7BAA-95C0-4FFF-B968-C3EB4C886680} = {3082704A-D254-4A40-870B-3CFCBA73E3D1}
		{C7591CA5-D022-4BE9-9CEF-0E85B4EF5CDF} = {3082704A-D254-4A40-870B-3CFCBA73E3D1}
		{CC79289A-2563-40B8-895C-3CDA56BA4956} = {1E871854-4A80-450F-83A3-A7AC8D6D2F7C}
		{E0D65CA9-810F-4FEC-9CB8-D8943FF28A9D} = {1E871854-4A80-450F-83A3-A7AC8D6D2F7C}
		{BFEE6E53-23C2-46BB-8E6B-AE6398F39BB5} = {1E871854-4A80-450F-83A3-A7AC8D6D2F7C}
		{CD653E0D-E36A-4B68-8DC3-3112E4E4C1B3} = {D8F53CB3-10BA-4051-ADF0-9D26D51F0BAD}
		{FA034423-B9FC-4DEC-88D5-DDA6068E9B94} = {D8F53CB3-10BA-4051-ADF0-9D26D51F0BAD}
		{0DCA4EED-7696-4613-8DA0-6B2551017BA1} = {D8F53CB3-10BA-4051-ADF0-9D26D51F0BAD}
		{0CA04DAA-ABFF-4B5B-856B-243383E5351D} = {D8F53CB3-10BA-4051-ADF0-9D26D51F0BAD}
		{948D0452-B1DF-473B-A616-EC7259F1C0FC} = {D8F53CB3-10BA-4051-ADF0-9D26D51F0BAD}
	EndGlobalSection
EndGlobal
