
Microsoft Visual Studio Solution File, Format Version 10.00
# Visual Studio 2008
Project("{FAE04EC0-301F-11D3-BF4B-00C04F79EFBC}") = "AGComposite", "AGComposite\AGComposite.csproj", "{F92D0B03-DDBC-4085-9218-A03C95BBE95D}"
EndProject
Project("{FAE04EC0-301F-11D3-BF4B-00C04F79EFBC}") = "AGComposite.Tests", "AGComposite.Tests\AGComposite.Tests.csproj", "{B05983B0-D1AF-46E2-A48E-0EE4488BCF0A}"
EndProject
Project("{FAE04EC0-301F-11D3-BF4B-00C04F79EFBC}") = "AGComposite.Wpf", "AGComposite.Wpf\AGComposite.Wpf.csproj", "{59A79CEB-8679-4B34-BF23-20EFFB2D47D2}"
EndProject
Project("{FAE04EC0-301F-11D3-BF4B-00C04F79EFBC}") = "AGComposite.Wpf.Tests", "AGComposite.Wpf.Tests\AGComposite.Wpf.Tests.csproj", "{75F21607-C60D-4FE7-9B3E-1AB8C5E5387E}"
EndProject
Project("{FAE04EC0-301F-11D3-BF4B-00C04F79EFBC}") = "AGComposite.UnityExtensions", "AGComposite.UnityExtensions\AGComposite.UnityExtensions.csproj", "{8B6B96E9-6EDD-4195-8C45-C816F0C1D564}"
EndProject
Project("{FAE04EC0-301F-11D3-BF4B-00C04F79EFBC}") = "AGComposite.UnityExtensions.Tests", "AGComposite.UnityExtensions.Tests\AGComposite.UnityExtensions.Tests.csproj", "{5C69136D-4CF7-49B1-8820-883596C276FE}"
EndProject
Global
	GlobalSection(SolutionConfigurationPlatforms) = preSolution
		Debug|Any CPU = Debug|Any CPU
		Release|Any CPU = Release|Any CPU
	EndGlobalSection
	GlobalSection(ProjectConfigurationPlatforms) = postSolution
		{F92D0B03-DDBC-4085-9218-A03C95BBE95D}.Debug|Any CPU.ActiveCfg = Debug|Any CPU
		{F92D0B03-DDBC-4085-9218-A03C95BBE95D}.Debug|Any CPU.Build.0 = Debug|Any CPU
		{F92D0B03-DDBC-4085-9218-A03C95BBE95D}.Release|Any CPU.ActiveCfg = Release|Any CPU
		{F92D0B03-DDBC-4085-9218-A03C95BBE95D}.Release|Any CPU.Build.0 = Release|Any CPU
		{B05983B0-D1AF-46E2-A48E-0EE4488BCF0A}.Debug|Any CPU.ActiveCfg = Debug|Any CPU
		{B05983B0-D1AF-46E2-A48E-0EE4488BCF0A}.Debug|Any CPU.Build.0 = Debug|Any CPU
		{B05983B0-D1AF-46E2-A48E-0EE4488BCF0A}.Release|Any CPU.ActiveCfg = Release|Any CPU
		{B05983B0-D1AF-46E2-A48E-0EE4488BCF0A}.Release|Any CPU.Build.0 = Release|Any CPU
		{59A79CEB-8679-4B34-BF23-20EFFB2D47D2}.Debug|Any CPU.ActiveCfg = Debug|Any CPU
		{59A79CEB-8679-4B34-BF23-20EFFB2D47D2}.Debug|Any CPU.Build.0 = Debug|Any CPU
		{59A79CEB-8679-4B34-BF23-20EFFB2D47D2}.Release|Any CPU.ActiveCfg = Release|Any CPU
		{59A79CEB-8679-4B34-BF23-20EFFB2D47D2}.Release|Any CPU.Build.0 = Release|Any CPU
		{75F21607-C60D-4FE7-9B3E-1AB8C5E5387E}.Debug|Any CPU.ActiveCfg = Debug|Any CPU
		{75F21607-C60D-4FE7-9B3E-1AB8C5E5387E}.Debug|Any CPU.Build.0 = Debug|Any CPU
		{75F21607-C60D-4FE7-9B3E-1AB8C5E5387E}.Release|Any CPU.ActiveCfg = Release|Any CPU
		{75F21607-C60D-4FE7-9B3E-1AB8C5E5387E}.Release|Any CPU.Build.0 = Release|Any CPU
		{8B6B96E9-6EDD-4195-8C45-C816F0C1D564}.Debug|Any CPU.ActiveCfg = Debug|Any CPU
		{8B6B96E9-6EDD-4195-8C45-C816F0C1D564}.Debug|Any CPU.Build.0 = Debug|Any CPU
		{8B6B96E9-6EDD-4195-8C45-C816F0C1D564}.Release|Any CPU.ActiveCfg = Release|Any CPU
		{8B6B96E9-6EDD-4195-8C45-C816F0C1D564}.Release|Any CPU.Build.0 = Release|Any CPU
		{5C69136D-4CF7-49B1-8820-883596C276FE}.Debug|Any CPU.ActiveCfg = Debug|Any CPU
		{5C69136D-4CF7-49B1-8820-883596C276FE}.Debug|Any CPU.Build.0 = Debug|Any CPU
		{5C69136D-4CF7-49B1-8820-883596C276FE}.Release|Any CPU.ActiveCfg = Release|Any CPU
		{5C69136D-4CF7-49B1-8820-883596C276FE}.Release|Any CPU.Build.0 = Release|Any CPU
	EndGlobalSection
	GlobalSection(SolutionProperties) = preSolution
		HideSolutionNode = FALSE
	EndGlobalSection
EndGlobal
