
Microsoft Visual Studio Solution File, Format Version 10.00
# Visual Studio 2008
Project("{FAE04EC0-301F-11D3-BF4B-00C04F79EFBC}") = "RemoteModuleLoading.Silverlight.Web", "RemoteModuleLoading.Silverlight.Web\RemoteModuleLoading.Silverlight.Web.csproj", "{EBF34D89-0A05-4D01-A4FF-C96D10DD35A0}"
	ProjectSection(ProjectDependencies) = postProject
		{CD653E0D-E36A-4B68-8DC3-3112E4E4C1B3} = {CD653E0D-E36A-4B68-8DC3-3112E4E4C1B3}
		{948D0452-B1DF-473B-A616-EC7259F1C0FC} = {948D0452-B1DF-473B-A616-EC7259F1C0FC}
		{BFEE6E53-23C2-46BB-8E6B-AE6398F39BB5} = {BFEE6E53-23C2-46BB-8E6B-AE6398F39BB5}
		{CC79289A-2563-40B8-895C-3CDA56BA4956} = {CC79289A-2563-40B8-895C-3CDA56BA4956}
		{E0D65CA9-810F-4FEC-9CB8-D8943FF28A9D} = {E0D65CA9-810F-4FEC-9CB8-D8943FF28A9D}
		{0CA04DAA-ABFF-4B5B-856B-243383E5351D} = {0CA04DAA-ABFF-4B5B-856B-243383E5351D}
	EndProjectSection
EndProject
Project("{2150E333-8FDC-42A3-9474-1A3956D46DE8}") = "CompositeApplicationLibrary", "CompositeApplicationLibrary", "{D2C60E44-88D5-4689-97B0-FC8DDCA66B0C}"
EndProject
Project("{FAE04EC0-301F-11D3-BF4B-00C04F79EFBC}") = "Composite.Silverlight", "..\..\..\CAL\Silverlight\Composite\Composite.Silverlight.csproj", "{CC79289A-2563-40B8-895C-3CDA56BA4956}"
EndProject
Project("{FAE04EC0-301F-11D3-BF4B-00C04F79EFBC}") = "Composite.Silverlight.Tests", "..\..\..\CAL\Silverlight\Composite.Tests\Composite.Silverlight.Tests.csproj", "{948D0452-B1DF-473B-A616-EC7259F1C0FC}"
EndProject
Project("{FAE04EC0-301F-11D3-BF4B-00C04F79EFBC}") = "RemoteModuleLoading.Silverlight", "RemoteModuleLoading.Silverlight\RemoteModuleLoading.Silverlight.csproj", "{07EE0C64-3526-4CD0-8751-B16FF4856C79}"
EndProject
Project("{FAE04EC0-301F-11D3-BF4B-00C04F79EFBC}") = "Composite.UnityExtensions.Silverlight", "..\..\..\CAL\Silverlight\Composite.UnityExtensions\Composite.UnityExtensions.Silverlight.csproj", "{BFEE6E53-23C2-46BB-8E6B-AE6398F39BB5}"
EndProject
Project("{FAE04EC0-301F-11D3-BF4B-00C04F79EFBC}") = "Composite.UnityExtensions.Silverlight.Tests", "..\..\..\CAL\Silverlight\Composite.UnityExtensions.Tests\Composite.UnityExtensions.Silverlight.Tests.csproj", "{0CA04DAA-ABFF-4B5B-856B-243383E5351D}"
EndProject
Project("{FAE04EC0-301F-11D3-BF4B-00C04F79EFBC}") = "ModuleZ.Silverlight", "ModuleZ.Silverlight\ModuleZ.Silverlight.csproj", "{D0361B64-6B67-4569-99A5-D6AA438F88B6}"
EndProject
Project("{FAE04EC0-301F-11D3-BF4B-00C04F79EFBC}") = "ModulesWY.Silverlight", "ModuleWY.Silverlight\ModulesWY.Silverlight.csproj", "{E5D1D165-145C-4D39-81D1-5F2F70DE4F45}"
EndProject
Project("{FAE04EC0-301F-11D3-BF4B-00C04F79EFBC}") = "Composite.Presentation.Silverlight", "..\..\..\CAL\Silverlight\Composite.Presentation\Composite.Presentation.Silverlight.csproj", "{E0D65CA9-810F-4FEC-9CB8-D8943FF28A9D}"
EndProject
Project("{FAE04EC0-301F-11D3-BF4B-00C04F79EFBC}") = "Composite.Presentation.Silverlight.Tests", "..\..\..\CAL\Silverlight\Composite.Presentation.Tests\Composite.Presentation.Silverlight.Tests.csproj", "{CD653E0D-E36A-4B68-8DC3-3112E4E4C1B3}"
EndProject
Project("{FAE04EC0-301F-11D3-BF4B-00C04F79EFBC}") = "ModuleX.Silverlight", "ModuleX.Silverlight\ModuleX.Silverlight.csproj", "{A9EBAA0D-8518-425C-A88B-B3DAF0850472}"
EndProject
Global
	GlobalSection(SolutionConfigurationPlatforms) = preSolution
		Debug|Any CPU = Debug|Any CPU
		Release|Any CPU = Release|Any CPU
	EndGlobalSection
	GlobalSection(ProjectConfigurationPlatforms) = postSolution
		{EBF34D89-0A05-4D01-A4FF-C96D10DD35A0}.Debug|Any CPU.ActiveCfg = Debug|Any CPU
		{EBF34D89-0A05-4D01-A4FF-C96D10DD35A0}.Debug|Any CPU.Build.0 = Debug|Any CPU
		{EBF34D89-0A05-4D01-A4FF-C96D10DD35A0}.Release|Any CPU.ActiveCfg = Release|Any CPU
		{EBF34D89-0A05-4D01-A4FF-C96D10DD35A0}.Release|Any CPU.Build.0 = Release|Any CPU
		{CC79289A-2563-40B8-895C-3CDA56BA4956}.Debug|Any CPU.ActiveCfg = Debug|Any CPU
		{CC79289A-2563-40B8-895C-3CDA56BA4956}.Debug|Any CPU.Build.0 = Debug|Any CPU
		{CC79289A-2563-40B8-895C-3CDA56BA4956}.Release|Any CPU.ActiveCfg = Release|Any CPU
		{CC79289A-2563-40B8-895C-3CDA56BA4956}.Release|Any CPU.Build.0 = Release|Any CPU
		{948D0452-B1DF-473B-A616-EC7259F1C0FC}.Debug|Any CPU.ActiveCfg = Debug|Any CPU
		{948D0452-B1DF-473B-A616-EC7259F1C0FC}.Debug|Any CPU.Build.0 = Debug|Any CPU
		{948D0452-B1DF-473B-A616-EC7259F1C0FC}.Release|Any CPU.ActiveCfg = Release|Any CPU
		{948D0452-B1DF-473B-A616-EC7259F1C0FC}.Release|Any CPU.Build.0 = Release|Any CPU
		{07EE0C64-3526-4CD0-8751-B16FF4856C79}.Debug|Any CPU.ActiveCfg = Debug|Any CPU
		{07EE0C64-3526-4CD0-8751-B16FF4856C79}.Debug|Any CPU.Build.0 = Debug|Any CPU
		{07EE0C64-3526-4CD0-8751-B16FF4856C79}.Release|Any CPU.ActiveCfg = Release|Any CPU
		{07EE0C64-3526-4CD0-8751-B16FF4856C79}.Release|Any CPU.Build.0 = Release|Any CPU
		{BFEE6E53-23C2-46BB-8E6B-AE6398F39BB5}.Debug|Any CPU.ActiveCfg = Debug|Any CPU
		{BFEE6E53-23C2-46BB-8E6B-AE6398F39BB5}.Debug|Any CPU.Build.0 = Debug|Any CPU
		{BFEE6E53-23C2-46BB-8E6B-AE6398F39BB5}.Release|Any CPU.ActiveCfg = Release|Any CPU
		{BFEE6E53-23C2-46BB-8E6B-AE6398F39BB5}.Release|Any CPU.Build.0 = Release|Any CPU
		{0CA04DAA-ABFF-4B5B-856B-243383E5351D}.Debug|Any CPU.ActiveCfg = Debug|Any CPU
		{0CA04DAA-ABFF-4B5B-856B-243383E5351D}.Debug|Any CPU.Build.0 = Debug|Any CPU
		{0CA04DAA-ABFF-4B5B-856B-243383E5351D}.Release|Any CPU.ActiveCfg = Release|Any CPU
		{0CA04DAA-ABFF-4B5B-856B-243383E5351D}.Release|Any CPU.Build.0 = Release|Any CPU
		{D0361B64-6B67-4569-99A5-D6AA438F88B6}.Debug|Any CPU.ActiveCfg = Debug|Any CPU
		{D0361B64-6B67-4569-99A5-D6AA438F88B6}.Debug|Any CPU.Build.0 = Debug|Any CPU
		{D0361B64-6B67-4569-99A5-D6AA438F88B6}.Release|Any CPU.ActiveCfg = Release|Any CPU
		{D0361B64-6B67-4569-99A5-D6AA438F88B6}.Release|Any CPU.Build.0 = Release|Any CPU
		{E5D1D165-145C-4D39-81D1-5F2F70DE4F45}.Debug|Any CPU.ActiveCfg = Debug|Any CPU
		{E5D1D165-145C-4D39-81D1-5F2F70DE4F45}.Debug|Any CPU.Build.0 = Debug|Any CPU
		{E5D1D165-145C-4D39-81D1-5F2F70DE4F45}.Release|Any CPU.ActiveCfg = Release|Any CPU
		{E5D1D165-145C-4D39-81D1-5F2F70DE4F45}.Release|Any CPU.Build.0 = Release|Any CPU
		{E0D65CA9-810F-4FEC-9CB8-D8943FF28A9D}.Debug|Any CPU.ActiveCfg = Debug|Any CPU
		{E0D65CA9-810F-4FEC-9CB8-D8943FF28A9D}.Debug|Any CPU.Build.0 = Debug|Any CPU
		{E0D65CA9-810F-4FEC-9CB8-D8943FF28A9D}.Release|Any CPU.ActiveCfg = Release|Any CPU
		{E0D65CA9-810F-4FEC-9CB8-D8943FF28A9D}.Release|Any CPU.Build.0 = Release|Any CPU
		{CD653E0D-E36A-4B68-8DC3-3112E4E4C1B3}.Debug|Any CPU.ActiveCfg = Debug|Any CPU
		{CD653E0D-E36A-4B68-8DC3-3112E4E4C1B3}.Debug|Any CPU.Build.0 = Debug|Any CPU
		{CD653E0D-E36A-4B68-8DC3-3112E4E4C1B3}.Release|Any CPU.ActiveCfg = Release|Any CPU
		{CD653E0D-E36A-4B68-8DC3-3112E4E4C1B3}.Release|Any CPU.Build.0 = Release|Any CPU
		{A9EBAA0D-8518-425C-A88B-B3DAF0850472}.Debug|Any CPU.ActiveCfg = Debug|Any CPU
		{A9EBAA0D-8518-425C-A88B-B3DAF0850472}.Debug|Any CPU.Build.0 = Debug|Any CPU
		{A9EBAA0D-8518-425C-A88B-B3DAF0850472}.Release|Any CPU.ActiveCfg = Release|Any CPU
		{A9EBAA0D-8518-425C-A88B-B3DAF0850472}.Release|Any CPU.Build.0 = Release|Any CPU
	EndGlobalSection
	GlobalSection(SolutionProperties) = preSolution
		HideSolutionNode = FALSE
	EndGlobalSection
	GlobalSection(NestedProjects) = preSolution
		{CC79289A-2563-40B8-895C-3CDA56BA4956} = {D2C60E44-88D5-4689-97B0-FC8DDCA66B0C}
		{948D0452-B1DF-473B-A616-EC7259F1C0FC} = {D2C60E44-88D5-4689-97B0-FC8DDCA66B0C}
		{BFEE6E53-23C2-46BB-8E6B-AE6398F39BB5} = {D2C60E44-88D5-4689-97B0-FC8DDCA66B0C}
		{0CA04DAA-ABFF-4B5B-856B-243383E5351D} = {D2C60E44-88D5-4689-97B0-FC8DDCA66B0C}
		{E0D65CA9-810F-4FEC-9CB8-D8943FF28A9D} = {D2C60E44-88D5-4689-97B0-FC8DDCA66B0C}
		{CD653E0D-E36A-4B68-8DC3-3112E4E4C1B3} = {D2C60E44-88D5-4689-97B0-FC8DDCA66B0C}
	EndGlobalSection
EndGlobal
