
Microsoft Visual Studio Solution File, Format Version 10.00
# Visual Studio 2008
Project("{FAE04EC0-301F-11D3-BF4B-00C04F79EFBC}") = "Modularity.Tests.AcceptanceTests", "Modularity.Tests.AcceptanceTests\Modularity.Tests.AcceptanceTests.csproj", "{C936E428-85CE-4264-8FA3-C6AF5F942220}"
EndProject
Project("{2150E333-8FDC-42A3-9474-1A3956D46DE8}") = "Solution Items", "Solution Items", "{E393A7DB-F78C-42EB-AFF3-F49E596F8164}"
	ProjectSection(SolutionItems) = preProject
		LocalTestRun.testrunconfig = LocalTestRun.testrunconfig
	EndProjectSection
EndProject
Global
	GlobalSection(TestCaseManagementSettings) = postSolution
		CategoryFile = Modularity_AcceptanceTests.vsmdi
	EndGlobalSection
	GlobalSection(SolutionConfigurationPlatforms) = preSolution
		Debug|Any CPU = Debug|Any CPU
		Release|Any CPU = Release|Any CPU
	EndGlobalSection
	GlobalSection(ProjectConfigurationPlatforms) = postSolution
		{C936E428-85CE-4264-8FA3-C6AF5F942220}.Debug|Any CPU.ActiveCfg = Debug|Any CPU
		{C936E428-85CE-4264-8FA3-C6AF5F942220}.Debug|Any CPU.Build.0 = Debug|Any CPU
		{C936E428-85CE-4264-8FA3-C6AF5F942220}.Release|Any CPU.ActiveCfg = Release|Any CPU
		{C936E428-85CE-4264-8FA3-C6AF5F942220}.Release|Any CPU.Build.0 = Release|Any CPU
	EndGlobalSection
	GlobalSection(SolutionProperties) = preSolution
		HideSolutionNode = FALSE
	EndGlobalSection
EndGlobal
